// !$*UTF8*$!
{
	archiveVersion = 1;
	classes = {
	};
	objectVersion = 56;
	objects = {

/* Begin PBXBuildFile section */
		7B02E1F9298C33BE00426480 /* LoadFeedFromRemoteUseCaseTests.swift in Sources */ = {isa = PBXBuildFile; fileRef = 7B02E1F8298C33BE00426480 /* LoadFeedFromRemoteUseCaseTests.swift */; };
		7B02E1FC298C540200426480 /* RemoteFeedLoader.swift in Sources */ = {isa = PBXBuildFile; fileRef = 7B02E1FB298C540200426480 /* RemoteFeedLoader.swift */; };
		7B120EB82995694200C9A911 /* CacheFeedUseCaseTests.swift in Sources */ = {isa = PBXBuildFile; fileRef = 7B120EB72995694200C9A911 /* CacheFeedUseCaseTests.swift */; };
		7B120EBB29958BA300C9A911 /* LocalFeedLoader.swift in Sources */ = {isa = PBXBuildFile; fileRef = 7B120EBA29958BA300C9A911 /* LocalFeedLoader.swift */; };
		7B120EBD29958C2000C9A911 /* FeedStore.swift in Sources */ = {isa = PBXBuildFile; fileRef = 7B120EBC29958C2000C9A911 /* FeedStore.swift */; };
		7B24C7ED29A528E800F7D087 /* FeedImageDataLoader.swift in Sources */ = {isa = PBXBuildFile; fileRef = 7B24C7EC29A528E800F7D087 /* FeedImageDataLoader.swift */; };
		7B24C7F129A52DEF00F7D087 /* FeedImageCellController.swift in Sources */ = {isa = PBXBuildFile; fileRef = 7B24C7F029A52DEF00F7D087 /* FeedImageCellController.swift */; };
		7B24C7F429A531B400F7D087 /* FeedUIComposer.swift in Sources */ = {isa = PBXBuildFile; fileRef = 7B24C7F329A531B400F7D087 /* FeedUIComposer.swift */; };
		7B24C7FB29A5464500F7D087 /* FeedImageViewModel.swift in Sources */ = {isa = PBXBuildFile; fileRef = 7B24C7FA29A5464500F7D087 /* FeedImageViewModel.swift */; };
		7B5015D8299BF0770071E59D /* CoreDataFeedStoreTests.swift in Sources */ = {isa = PBXBuildFile; fileRef = 7B5015D7299BF0770071E59D /* CoreDataFeedStoreTests.swift */; };
		7B5015DA299BF0CA0071E59D /* CoreDataFeedStore.swift in Sources */ = {isa = PBXBuildFile; fileRef = 7B5015D9299BF0CA0071E59D /* CoreDataFeedStore.swift */; };
		7B5015DD299BF1780071E59D /* FeedStore.xcdatamodeld in Sources */ = {isa = PBXBuildFile; fileRef = 7B5015DB299BF1780071E59D /* FeedStore.xcdatamodeld */; };
		7B54B98E2997DEA800365564 /* RemoteFeedItem.swift in Sources */ = {isa = PBXBuildFile; fileRef = 7B54B98D2997DEA800365564 /* RemoteFeedItem.swift */; };
		7B54B9902997DED700365564 /* LocalFeedImage.swift in Sources */ = {isa = PBXBuildFile; fileRef = 7B54B98F2997DED700365564 /* LocalFeedImage.swift */; };
		7B6CEB7C299ADA3E0086F803 /* CodableFeedStore.swift in Sources */ = {isa = PBXBuildFile; fileRef = 7B6CEB7B299ADA3E0086F803 /* CodableFeedStore.swift */; };
		7B6CEB7E299AE5200086F803 /* FeedStoreSpecs.swift in Sources */ = {isa = PBXBuildFile; fileRef = 7B6CEB7D299AE5200086F803 /* FeedStoreSpecs.swift */; };
		7B6CEB80299AE5E40086F803 /* XCTestCase+FeedStoreSpecs.swift in Sources */ = {isa = PBXBuildFile; fileRef = 7B6CEB7F299AE5E40086F803 /* XCTestCase+FeedStoreSpecs.swift */; };
		7B6CEB82299AE7500086F803 /* XCTestCase+FailableRetrieveFeedStoreSpecs.swift in Sources */ = {isa = PBXBuildFile; fileRef = 7B6CEB81299AE7500086F803 /* XCTestCase+FailableRetrieveFeedStoreSpecs.swift */; };
		7B6CEB84299AE7DE0086F803 /* XCTestCase+FailableInsertFeedStoreSpecs.swift in Sources */ = {isa = PBXBuildFile; fileRef = 7B6CEB83299AE7DE0086F803 /* XCTestCase+FailableInsertFeedStoreSpecs.swift */; };
		7B6CEB86299AE81E0086F803 /* XCTestCase+FailableDeleteFeedStoreSpecs.swift in Sources */ = {isa = PBXBuildFile; fileRef = 7B6CEB85299AE81E0086F803 /* XCTestCase+FailableDeleteFeedStoreSpecs.swift */; };
		7B73FCBF2992BF5C0081F183 /* URLSessionHTTPClient.swift in Sources */ = {isa = PBXBuildFile; fileRef = 7B73FCBE2992BF5C0081F183 /* URLSessionHTTPClient.swift */; };
		7B73FCC72992C32F0081F183 /* EssentialFeedAPIEndToEndTests.swift in Sources */ = {isa = PBXBuildFile; fileRef = 7B73FCC62992C32F0081F183 /* EssentialFeedAPIEndToEndTests.swift */; };
		7B73FCC82992C32F0081F183 /* EssentialFeed.framework in Frameworks */ = {isa = PBXBuildFile; fileRef = 7B7E3D4B298B1B890023E027 /* EssentialFeed.framework */; };
		7B73FCCE2992E3C10081F183 /* XCTestCase+MemoryLeakTracking.swift in Sources */ = {isa = PBXBuildFile; fileRef = 7B9F2E50299196CA00776AB9 /* XCTestCase+MemoryLeakTracking.swift */; };
		7B7E3D54298B1B8A0023E027 /* EssentialFeed.framework in Frameworks */ = {isa = PBXBuildFile; fileRef = 7B7E3D4B298B1B890023E027 /* EssentialFeed.framework */; };
		7B7E3D5A298B1B8A0023E027 /* EssentialFeed.h in Headers */ = {isa = PBXBuildFile; fileRef = 7B7E3D4E298B1B890023E027 /* EssentialFeed.h */; settings = {ATTRIBUTES = (Public, ); }; };
		7B7E3D64298B1BA40023E027 /* Feedtem.swift in Sources */ = {isa = PBXBuildFile; fileRef = 7B7E3D63298B1BA40023E027 /* Feedtem.swift */; };
		7B7E3D66298B1C550023E027 /* FeedLoader.swift in Sources */ = {isa = PBXBuildFile; fileRef = 7B7E3D65298B1C550023E027 /* FeedLoader.swift */; };
		7B8EDB9F29A7D09D00AC579F /* Feed.storyboard in Resources */ = {isa = PBXBuildFile; fileRef = 7B8EDB9E29A7D09D00AC579F /* Feed.storyboard */; };
		7B8EDBA129A7D10900AC579F /* Feed.xcassets in Resources */ = {isa = PBXBuildFile; fileRef = 7B8EDBA029A7D10900AC579F /* Feed.xcassets */; };
		7B8EDBA329A7DB6700AC579F /* UITableView+Dequeuing.swift in Sources */ = {isa = PBXBuildFile; fileRef = 7B8EDBA229A7DB6700AC579F /* UITableView+Dequeuing.swift */; };
		7B8EDBA529A7DC4D00AC579F /* UIImageView+Animations.swift in Sources */ = {isa = PBXBuildFile; fileRef = 7B8EDBA429A7DC4D00AC579F /* UIImageView+Animations.swift */; };
		7B9F2E51299196CA00776AB9 /* XCTestCase+MemoryLeakTracking.swift in Sources */ = {isa = PBXBuildFile; fileRef = 7B9F2E50299196CA00776AB9 /* XCTestCase+MemoryLeakTracking.swift */; };
		7BCE5F22299C0DB3009F40F4 /* CoreDataHelpers.swift in Sources */ = {isa = PBXBuildFile; fileRef = 7BCE5F21299C0DB3009F40F4 /* CoreDataHelpers.swift */; };
		7BCE5F24299C0E07009F40F4 /* ManagedCache.swift in Sources */ = {isa = PBXBuildFile; fileRef = 7BCE5F23299C0E07009F40F4 /* ManagedCache.swift */; };
		7BCE5F26299C0E43009F40F4 /* ManagedFeedImage.swift in Sources */ = {isa = PBXBuildFile; fileRef = 7BCE5F25299C0E43009F40F4 /* ManagedFeedImage.swift */; };
		7BCE5F2E299C0F4D009F40F4 /* EssentialFeedCacheIntegrationTests.swift in Sources */ = {isa = PBXBuildFile; fileRef = 7BCE5F2D299C0F4D009F40F4 /* EssentialFeedCacheIntegrationTests.swift */; };
		7BCE5F2F299C0F4D009F40F4 /* EssentialFeed.framework in Frameworks */ = {isa = PBXBuildFile; fileRef = 7B7E3D4B298B1B890023E027 /* EssentialFeed.framework */; };
		7BCE5F35299C104C009F40F4 /* XCTestCase+MemoryLeakTracking.swift in Sources */ = {isa = PBXBuildFile; fileRef = 7B9F2E50299196CA00776AB9 /* XCTestCase+MemoryLeakTracking.swift */; };
		7BCE5F37299C111C009F40F4 /* CacheFeedUseCaseTests.swift in Sources */ = {isa = PBXBuildFile; fileRef = 7B120EB72995694200C9A911 /* CacheFeedUseCaseTests.swift */; };
		7BCE5F38299C1129009F40F4 /* FeedStoreSpy.swift in Sources */ = {isa = PBXBuildFile; fileRef = 7BD0DA332997E532009571DE /* FeedStoreSpy.swift */; };
		7BCE5F39299C1133009F40F4 /* FeedCacheTestHelpers.swift in Sources */ = {isa = PBXBuildFile; fileRef = 7BD0DA3829980879009571DE /* FeedCacheTestHelpers.swift */; };
		7BCE5F3A299C113D009F40F4 /* SharedTestHelpers.swift in Sources */ = {isa = PBXBuildFile; fileRef = 7BD0DA3B299809EA009571DE /* SharedTestHelpers.swift */; };
		7BD0DA322997E426009571DE /* LoadFeedFromCacheUseCaseTests.swift in Sources */ = {isa = PBXBuildFile; fileRef = 7BD0DA312997E426009571DE /* LoadFeedFromCacheUseCaseTests.swift */; };
		7BD0DA342997E532009571DE /* FeedStoreSpy.swift in Sources */ = {isa = PBXBuildFile; fileRef = 7BD0DA332997E532009571DE /* FeedStoreSpy.swift */; };
		7BD0DA3729980458009571DE /* ValidateFeedCacheUseCaseTests.swift in Sources */ = {isa = PBXBuildFile; fileRef = 7BD0DA3629980458009571DE /* ValidateFeedCacheUseCaseTests.swift */; };
		7BD0DA3929980879009571DE /* FeedCacheTestHelpers.swift in Sources */ = {isa = PBXBuildFile; fileRef = 7BD0DA3829980879009571DE /* FeedCacheTestHelpers.swift */; };
		7BD0DA3C299809EA009571DE /* SharedTestHelpers.swift in Sources */ = {isa = PBXBuildFile; fileRef = 7BD0DA3B299809EA009571DE /* SharedTestHelpers.swift */; };
		7BD1E22D299945DD00EB10CA /* FeedCachePolicy.swift in Sources */ = {isa = PBXBuildFile; fileRef = 7BD1E22C299945DD00EB10CA /* FeedCachePolicy.swift */; };
		7BD1E2302999501B00EB10CA /* CodableFeedStoreTests.swift in Sources */ = {isa = PBXBuildFile; fileRef = 7BD1E22E29994FEE00EB10CA /* CodableFeedStoreTests.swift */; };
		7BDA26FA298D8CAF0051D875 /* HTTPClient.swift in Sources */ = {isa = PBXBuildFile; fileRef = 7BDA26F9298D8CAF0051D875 /* HTTPClient.swift */; };
		7BDA26FE298D8D280051D875 /* FeedItemsMapper.swift in Sources */ = {isa = PBXBuildFile; fileRef = 7BDA26FD298D8D280051D875 /* FeedItemsMapper.swift */; };
		7BDA2701298EB5C20051D875 /* URLSessionHTTPClientTests.swift in Sources */ = {isa = PBXBuildFile; fileRef = 7BDA2700298EB5C20051D875 /* URLSessionHTTPClientTests.swift */; };
		7BE3966C29A2686700EC263D /* FeedViewController.swift in Sources */ = {isa = PBXBuildFile; fileRef = 7BE3966B29A2686700EC263D /* FeedViewController.swift */; };
		7BE3966E29A26E3500EC263D /* FeedImageCell.swift in Sources */ = {isa = PBXBuildFile; fileRef = 7BE3966D29A26E3500EC263D /* FeedImageCell.swift */; };
		7BE3967029A27A7D00EC263D /* UIView+Shimmering.swift in Sources */ = {isa = PBXBuildFile; fileRef = 7BE3966F29A27A7D00EC263D /* UIView+Shimmering.swift */; };
		7BE4D31229A13B3300542071 /* EssentialFeediOS.framework in Frameworks */ = {isa = PBXBuildFile; fileRef = 7BE4D30A29A13B3200542071 /* EssentialFeediOS.framework */; };
		7BE4D32329A1419E00542071 /* FeedViewControllerTests.swift in Sources */ = {isa = PBXBuildFile; fileRef = 7BE4D32129A1419C00542071 /* FeedViewControllerTests.swift */; };
		7BE4D32A29A144A400542071 /* EssentialFeed.framework in Frameworks */ = {isa = PBXBuildFile; fileRef = 7B7E3D4B298B1B890023E027 /* EssentialFeed.framework */; platformFilter = ios; };
		7BE4D32B29A144A400542071 /* EssentialFeed.framework in Embed Frameworks */ = {isa = PBXBuildFile; fileRef = 7B7E3D4B298B1B890023E027 /* EssentialFeed.framework */; platformFilter = ios; settings = {ATTRIBUTES = (CodeSignOnCopy, RemoveHeadersOnCopy, ); }; };
		7BE4D32F29A144EE00542071 /* XCTestCase+MemoryLeakTracking.swift in Sources */ = {isa = PBXBuildFile; fileRef = 7B9F2E50299196CA00776AB9 /* XCTestCase+MemoryLeakTracking.swift */; };
		7BF1094529A6912300DAA3BA /* FeedPresenter.swift in Sources */ = {isa = PBXBuildFile; fileRef = 7BF1094429A6912300DAA3BA /* FeedPresenter.swift */; };
		7BF1094729A69DFF00DAA3BA /* FeedImagePresenter.swift in Sources */ = {isa = PBXBuildFile; fileRef = 7BF1094629A69DFF00DAA3BA /* FeedImagePresenter.swift */; };
		7BF1094929A69E1A00DAA3BA /* FeedLoadingViewModel.swift in Sources */ = {isa = PBXBuildFile; fileRef = 7BF1094829A69E1A00DAA3BA /* FeedLoadingViewModel.swift */; };
		7BF1094C29A69E3C00DAA3BA /* FeedViewModel.swift in Sources */ = {isa = PBXBuildFile; fileRef = 7BF1094B29A69E3C00DAA3BA /* FeedViewModel.swift */; };
/* End PBXBuildFile section */

/* Begin PBXContainerItemProxy section */
		7B73FCC92992C32F0081F183 /* PBXContainerItemProxy */ = {
			isa = PBXContainerItemProxy;
			containerPortal = 7B7E3D42298B1B890023E027 /* Project object */;
			proxyType = 1;
			remoteGlobalIDString = 7B7E3D4A298B1B890023E027;
			remoteInfo = EssentialFeed;
		};
		7B7E3D55298B1B8A0023E027 /* PBXContainerItemProxy */ = {
			isa = PBXContainerItemProxy;
			containerPortal = 7B7E3D42298B1B890023E027 /* Project object */;
			proxyType = 1;
			remoteGlobalIDString = 7B7E3D4A298B1B890023E027;
			remoteInfo = EssentialFeed;
		};
		7BCE5F30299C0F4D009F40F4 /* PBXContainerItemProxy */ = {
			isa = PBXContainerItemProxy;
			containerPortal = 7B7E3D42298B1B890023E027 /* Project object */;
			proxyType = 1;
			remoteGlobalIDString = 7B7E3D4A298B1B890023E027;
			remoteInfo = EssentialFeed;
		};
		7BE4D31329A13B3300542071 /* PBXContainerItemProxy */ = {
			isa = PBXContainerItemProxy;
			containerPortal = 7B7E3D42298B1B890023E027 /* Project object */;
			proxyType = 1;
			remoteGlobalIDString = 7BE4D30929A13B3200542071;
			remoteInfo = EssentialFeediOS;
		};
		7BE4D32C29A144A400542071 /* PBXContainerItemProxy */ = {
			isa = PBXContainerItemProxy;
			containerPortal = 7B7E3D42298B1B890023E027 /* Project object */;
			proxyType = 1;
			remoteGlobalIDString = 7B7E3D4A298B1B890023E027;
			remoteInfo = EssentialFeed;
		};
/* End PBXContainerItemProxy section */

/* Begin PBXCopyFilesBuildPhase section */
		7BE4D32E29A144A400542071 /* Embed Frameworks */ = {
			isa = PBXCopyFilesBuildPhase;
			buildActionMask = 2147483647;
			dstPath = "";
			dstSubfolderSpec = 10;
			files = (
				7BE4D32B29A144A400542071 /* EssentialFeed.framework in Embed Frameworks */,
			);
			name = "Embed Frameworks";
			runOnlyForDeploymentPostprocessing = 0;
		};
/* End PBXCopyFilesBuildPhase section */

/* Begin PBXFileReference section */
		7B02E1F8298C33BE00426480 /* LoadFeedFromRemoteUseCaseTests.swift */ = {isa = PBXFileReference; lastKnownFileType = sourcecode.swift; path = LoadFeedFromRemoteUseCaseTests.swift; sourceTree = SOURCE_ROOT; };
		7B02E1FB298C540200426480 /* RemoteFeedLoader.swift */ = {isa = PBXFileReference; lastKnownFileType = sourcecode.swift; path = RemoteFeedLoader.swift; sourceTree = "<group>"; };
		7B120EB72995694200C9A911 /* CacheFeedUseCaseTests.swift */ = {isa = PBXFileReference; lastKnownFileType = sourcecode.swift; path = CacheFeedUseCaseTests.swift; sourceTree = "<group>"; };
		7B120EBA29958BA300C9A911 /* LocalFeedLoader.swift */ = {isa = PBXFileReference; lastKnownFileType = sourcecode.swift; path = LocalFeedLoader.swift; sourceTree = "<group>"; };
		7B120EBC29958C2000C9A911 /* FeedStore.swift */ = {isa = PBXFileReference; lastKnownFileType = sourcecode.swift; path = FeedStore.swift; sourceTree = "<group>"; };
		7B24C7EC29A528E800F7D087 /* FeedImageDataLoader.swift */ = {isa = PBXFileReference; lastKnownFileType = sourcecode.swift; path = FeedImageDataLoader.swift; sourceTree = "<group>"; };
		7B24C7F029A52DEF00F7D087 /* FeedImageCellController.swift */ = {isa = PBXFileReference; lastKnownFileType = sourcecode.swift; path = FeedImageCellController.swift; sourceTree = "<group>"; };
		7B24C7F329A531B400F7D087 /* FeedUIComposer.swift */ = {isa = PBXFileReference; lastKnownFileType = sourcecode.swift; path = FeedUIComposer.swift; sourceTree = "<group>"; };
		7B24C7FA29A5464500F7D087 /* FeedImageViewModel.swift */ = {isa = PBXFileReference; lastKnownFileType = sourcecode.swift; path = FeedImageViewModel.swift; sourceTree = "<group>"; };
		7B5015D7299BF0770071E59D /* CoreDataFeedStoreTests.swift */ = {isa = PBXFileReference; lastKnownFileType = sourcecode.swift; path = CoreDataFeedStoreTests.swift; sourceTree = "<group>"; };
		7B5015D9299BF0CA0071E59D /* CoreDataFeedStore.swift */ = {isa = PBXFileReference; lastKnownFileType = sourcecode.swift; path = CoreDataFeedStore.swift; sourceTree = "<group>"; };
		7B5015DC299BF1780071E59D /* FeedStore.xcdatamodel */ = {isa = PBXFileReference; lastKnownFileType = wrapper.xcdatamodel; path = FeedStore.xcdatamodel; sourceTree = "<group>"; };
		7B54B98D2997DEA800365564 /* RemoteFeedItem.swift */ = {isa = PBXFileReference; lastKnownFileType = sourcecode.swift; path = RemoteFeedItem.swift; sourceTree = "<group>"; };
		7B54B98F2997DED700365564 /* LocalFeedImage.swift */ = {isa = PBXFileReference; lastKnownFileType = sourcecode.swift; path = LocalFeedImage.swift; sourceTree = "<group>"; };
		7B6CEB7B299ADA3E0086F803 /* CodableFeedStore.swift */ = {isa = PBXFileReference; lastKnownFileType = sourcecode.swift; path = CodableFeedStore.swift; sourceTree = "<group>"; };
		7B6CEB7D299AE5200086F803 /* FeedStoreSpecs.swift */ = {isa = PBXFileReference; lastKnownFileType = sourcecode.swift; path = FeedStoreSpecs.swift; sourceTree = "<group>"; };
		7B6CEB7F299AE5E40086F803 /* XCTestCase+FeedStoreSpecs.swift */ = {isa = PBXFileReference; lastKnownFileType = sourcecode.swift; path = "XCTestCase+FeedStoreSpecs.swift"; sourceTree = "<group>"; };
		7B6CEB81299AE7500086F803 /* XCTestCase+FailableRetrieveFeedStoreSpecs.swift */ = {isa = PBXFileReference; lastKnownFileType = sourcecode.swift; path = "XCTestCase+FailableRetrieveFeedStoreSpecs.swift"; sourceTree = "<group>"; };
		7B6CEB83299AE7DE0086F803 /* XCTestCase+FailableInsertFeedStoreSpecs.swift */ = {isa = PBXFileReference; lastKnownFileType = sourcecode.swift; path = "XCTestCase+FailableInsertFeedStoreSpecs.swift"; sourceTree = "<group>"; };
		7B6CEB85299AE81E0086F803 /* XCTestCase+FailableDeleteFeedStoreSpecs.swift */ = {isa = PBXFileReference; lastKnownFileType = sourcecode.swift; path = "XCTestCase+FailableDeleteFeedStoreSpecs.swift"; sourceTree = "<group>"; };
		7B73FCBE2992BF5C0081F183 /* URLSessionHTTPClient.swift */ = {isa = PBXFileReference; lastKnownFileType = sourcecode.swift; path = URLSessionHTTPClient.swift; sourceTree = "<group>"; };
		7B73FCC42992C32F0081F183 /* EssentialFeedAPIEndToEndTests.xctest */ = {isa = PBXFileReference; explicitFileType = wrapper.cfbundle; includeInIndex = 0; path = EssentialFeedAPIEndToEndTests.xctest; sourceTree = BUILT_PRODUCTS_DIR; };
		7B73FCC62992C32F0081F183 /* EssentialFeedAPIEndToEndTests.swift */ = {isa = PBXFileReference; lastKnownFileType = sourcecode.swift; path = EssentialFeedAPIEndToEndTests.swift; sourceTree = "<group>"; };
		7B7E3D4B298B1B890023E027 /* EssentialFeed.framework */ = {isa = PBXFileReference; explicitFileType = wrapper.framework; includeInIndex = 0; path = EssentialFeed.framework; sourceTree = BUILT_PRODUCTS_DIR; };
		7B7E3D4E298B1B890023E027 /* EssentialFeed.h */ = {isa = PBXFileReference; lastKnownFileType = sourcecode.c.h; path = EssentialFeed.h; sourceTree = "<group>"; };
		7B7E3D53298B1B8A0023E027 /* EssentialFeedTests.xctest */ = {isa = PBXFileReference; explicitFileType = wrapper.cfbundle; includeInIndex = 0; path = EssentialFeedTests.xctest; sourceTree = BUILT_PRODUCTS_DIR; };
		7B7E3D63298B1BA40023E027 /* Feedtem.swift */ = {isa = PBXFileReference; lastKnownFileType = sourcecode.swift; path = Feedtem.swift; sourceTree = "<group>"; };
		7B7E3D65298B1C550023E027 /* FeedLoader.swift */ = {isa = PBXFileReference; lastKnownFileType = sourcecode.swift; path = FeedLoader.swift; sourceTree = "<group>"; };
		7B8EDB9E29A7D09D00AC579F /* Feed.storyboard */ = {isa = PBXFileReference; lastKnownFileType = file.storyboard; path = Feed.storyboard; sourceTree = "<group>"; };
		7B8EDBA029A7D10900AC579F /* Feed.xcassets */ = {isa = PBXFileReference; lastKnownFileType = folder.assetcatalog; path = Feed.xcassets; sourceTree = "<group>"; };
		7B8EDBA229A7DB6700AC579F /* UITableView+Dequeuing.swift */ = {isa = PBXFileReference; lastKnownFileType = sourcecode.swift; path = "UITableView+Dequeuing.swift"; sourceTree = "<group>"; };
		7B8EDBA429A7DC4D00AC579F /* UIImageView+Animations.swift */ = {isa = PBXFileReference; lastKnownFileType = sourcecode.swift; path = "UIImageView+Animations.swift"; sourceTree = "<group>"; };
		7B9F2E50299196CA00776AB9 /* XCTestCase+MemoryLeakTracking.swift */ = {isa = PBXFileReference; lastKnownFileType = sourcecode.swift; path = "XCTestCase+MemoryLeakTracking.swift"; sourceTree = "<group>"; };
		7BCE5F21299C0DB3009F40F4 /* CoreDataHelpers.swift */ = {isa = PBXFileReference; lastKnownFileType = sourcecode.swift; path = CoreDataHelpers.swift; sourceTree = "<group>"; };
		7BCE5F23299C0E07009F40F4 /* ManagedCache.swift */ = {isa = PBXFileReference; lastKnownFileType = sourcecode.swift; path = ManagedCache.swift; sourceTree = "<group>"; };
		7BCE5F25299C0E43009F40F4 /* ManagedFeedImage.swift */ = {isa = PBXFileReference; lastKnownFileType = sourcecode.swift; path = ManagedFeedImage.swift; sourceTree = "<group>"; };
		7BCE5F2B299C0F4D009F40F4 /* EssentialFeedCacheIntegrationTests.xctest */ = {isa = PBXFileReference; explicitFileType = wrapper.cfbundle; includeInIndex = 0; path = EssentialFeedCacheIntegrationTests.xctest; sourceTree = BUILT_PRODUCTS_DIR; };
		7BCE5F2D299C0F4D009F40F4 /* EssentialFeedCacheIntegrationTests.swift */ = {isa = PBXFileReference; lastKnownFileType = sourcecode.swift; path = EssentialFeedCacheIntegrationTests.swift; sourceTree = "<group>"; };
		7BD0DA312997E426009571DE /* LoadFeedFromCacheUseCaseTests.swift */ = {isa = PBXFileReference; lastKnownFileType = sourcecode.swift; path = LoadFeedFromCacheUseCaseTests.swift; sourceTree = "<group>"; };
		7BD0DA332997E532009571DE /* FeedStoreSpy.swift */ = {isa = PBXFileReference; lastKnownFileType = sourcecode.swift; path = FeedStoreSpy.swift; sourceTree = "<group>"; };
		7BD0DA3629980458009571DE /* ValidateFeedCacheUseCaseTests.swift */ = {isa = PBXFileReference; lastKnownFileType = sourcecode.swift; path = ValidateFeedCacheUseCaseTests.swift; sourceTree = "<group>"; };
		7BD0DA3829980879009571DE /* FeedCacheTestHelpers.swift */ = {isa = PBXFileReference; lastKnownFileType = sourcecode.swift; path = FeedCacheTestHelpers.swift; sourceTree = "<group>"; };
		7BD0DA3B299809EA009571DE /* SharedTestHelpers.swift */ = {isa = PBXFileReference; lastKnownFileType = sourcecode.swift; path = SharedTestHelpers.swift; sourceTree = "<group>"; };
		7BD1E22C299945DD00EB10CA /* FeedCachePolicy.swift */ = {isa = PBXFileReference; lastKnownFileType = sourcecode.swift; path = FeedCachePolicy.swift; sourceTree = "<group>"; };
		7BD1E22E29994FEE00EB10CA /* CodableFeedStoreTests.swift */ = {isa = PBXFileReference; lastKnownFileType = sourcecode.swift; path = CodableFeedStoreTests.swift; sourceTree = "<group>"; };
		7BDA26F9298D8CAF0051D875 /* HTTPClient.swift */ = {isa = PBXFileReference; lastKnownFileType = sourcecode.swift; path = HTTPClient.swift; sourceTree = "<group>"; };
		7BDA26FD298D8D280051D875 /* FeedItemsMapper.swift */ = {isa = PBXFileReference; lastKnownFileType = sourcecode.swift; path = FeedItemsMapper.swift; sourceTree = "<group>"; };
		7BDA2700298EB5C20051D875 /* URLSessionHTTPClientTests.swift */ = {isa = PBXFileReference; lastKnownFileType = sourcecode.swift; path = URLSessionHTTPClientTests.swift; sourceTree = "<group>"; };
		7BE3966B29A2686700EC263D /* FeedViewController.swift */ = {isa = PBXFileReference; lastKnownFileType = sourcecode.swift; path = FeedViewController.swift; sourceTree = "<group>"; };
		7BE3966D29A26E3500EC263D /* FeedImageCell.swift */ = {isa = PBXFileReference; lastKnownFileType = sourcecode.swift; path = FeedImageCell.swift; sourceTree = "<group>"; };
		7BE3966F29A27A7D00EC263D /* UIView+Shimmering.swift */ = {isa = PBXFileReference; lastKnownFileType = sourcecode.swift; path = "UIView+Shimmering.swift"; sourceTree = "<group>"; };
		7BE4D30A29A13B3200542071 /* EssentialFeediOS.framework */ = {isa = PBXFileReference; explicitFileType = wrapper.framework; includeInIndex = 0; path = EssentialFeediOS.framework; sourceTree = BUILT_PRODUCTS_DIR; };
		7BE4D31129A13B3300542071 /* EssentialFeediOSTests.xctest */ = {isa = PBXFileReference; explicitFileType = wrapper.cfbundle; includeInIndex = 0; path = EssentialFeediOSTests.xctest; sourceTree = BUILT_PRODUCTS_DIR; };
		7BE4D32129A1419C00542071 /* FeedViewControllerTests.swift */ = {isa = PBXFileReference; lastKnownFileType = sourcecode.swift; path = FeedViewControllerTests.swift; sourceTree = "<group>"; };
		7BF1094429A6912300DAA3BA /* FeedPresenter.swift */ = {isa = PBXFileReference; lastKnownFileType = sourcecode.swift; path = FeedPresenter.swift; sourceTree = "<group>"; };
		7BF1094629A69DFF00DAA3BA /* FeedImagePresenter.swift */ = {isa = PBXFileReference; lastKnownFileType = sourcecode.swift; path = FeedImagePresenter.swift; sourceTree = "<group>"; };
		7BF1094829A69E1A00DAA3BA /* FeedLoadingViewModel.swift */ = {isa = PBXFileReference; lastKnownFileType = sourcecode.swift; path = FeedLoadingViewModel.swift; sourceTree = "<group>"; };
		7BF1094B29A69E3C00DAA3BA /* FeedViewModel.swift */ = {isa = PBXFileReference; lastKnownFileType = sourcecode.swift; path = FeedViewModel.swift; sourceTree = "<group>"; };
/* End PBXFileReference section */

/* Begin PBXFrameworksBuildPhase section */
		7B73FCC12992C32F0081F183 /* Frameworks */ = {
			isa = PBXFrameworksBuildPhase;
			buildActionMask = 2147483647;
			files = (
				7B73FCC82992C32F0081F183 /* EssentialFeed.framework in Frameworks */,
			);
			runOnlyForDeploymentPostprocessing = 0;
		};
		7B7E3D48298B1B890023E027 /* Frameworks */ = {
			isa = PBXFrameworksBuildPhase;
			buildActionMask = 2147483647;
			files = (
			);
			runOnlyForDeploymentPostprocessing = 0;
		};
		7B7E3D50298B1B8A0023E027 /* Frameworks */ = {
			isa = PBXFrameworksBuildPhase;
			buildActionMask = 2147483647;
			files = (
				7B7E3D54298B1B8A0023E027 /* EssentialFeed.framework in Frameworks */,
			);
			runOnlyForDeploymentPostprocessing = 0;
		};
		7BCE5F28299C0F4D009F40F4 /* Frameworks */ = {
			isa = PBXFrameworksBuildPhase;
			buildActionMask = 2147483647;
			files = (
				7BCE5F2F299C0F4D009F40F4 /* EssentialFeed.framework in Frameworks */,
			);
			runOnlyForDeploymentPostprocessing = 0;
		};
		7BE4D30729A13B3200542071 /* Frameworks */ = {
			isa = PBXFrameworksBuildPhase;
			buildActionMask = 2147483647;
			files = (
				7BE4D32A29A144A400542071 /* EssentialFeed.framework in Frameworks */,
			);
			runOnlyForDeploymentPostprocessing = 0;
		};
		7BE4D30E29A13B3300542071 /* Frameworks */ = {
			isa = PBXFrameworksBuildPhase;
			buildActionMask = 2147483647;
			files = (
				7BE4D31229A13B3300542071 /* EssentialFeediOS.framework in Frameworks */,
			);
			runOnlyForDeploymentPostprocessing = 0;
		};
/* End PBXFrameworksBuildPhase section */

/* Begin PBXGroup section */
		7B02E1FA298C53DF00426480 /* Feed API */ = {
			isa = PBXGroup;
			children = (
				7B02E1FB298C540200426480 /* RemoteFeedLoader.swift */,
				7BDA26F9298D8CAF0051D875 /* HTTPClient.swift */,
				7BDA26FD298D8D280051D875 /* FeedItemsMapper.swift */,
				7B73FCBE2992BF5C0081F183 /* URLSessionHTTPClient.swift */,
				7B54B98D2997DEA800365564 /* RemoteFeedItem.swift */,
			);
			path = "Feed API";
			sourceTree = "<group>";
		};
		7B120EB62995692600C9A911 /* Feed Cache */ = {
			isa = PBXGroup;
			children = (
				7B6CEB87299AE8610086F803 /* FeedStoreSpecs */,
				7BD0DA352997E5A8009571DE /* Helpers */,
				7B120EB72995694200C9A911 /* CacheFeedUseCaseTests.swift */,
				7BD0DA312997E426009571DE /* LoadFeedFromCacheUseCaseTests.swift */,
				7BD0DA3629980458009571DE /* ValidateFeedCacheUseCaseTests.swift */,
				7BD1E22E29994FEE00EB10CA /* CodableFeedStoreTests.swift */,
				7B5015D7299BF0770071E59D /* CoreDataFeedStoreTests.swift */,
			);
			path = "Feed Cache";
			sourceTree = "<group>";
		};
		7B120EB929958B8F00C9A911 /* Feed Cache */ = {
			isa = PBXGroup;
			children = (
				7BCE5F1F299C0D42009F40F4 /* Infrastructure */,
				7B120EBA29958BA300C9A911 /* LocalFeedLoader.swift */,
				7B120EBC29958C2000C9A911 /* FeedStore.swift */,
				7B54B98F2997DED700365564 /* LocalFeedImage.swift */,
				7BD1E22C299945DD00EB10CA /* FeedCachePolicy.swift */,
			);
			path = "Feed Cache";
			sourceTree = "<group>";
		};
		7B24C7E829A528B200F7D087 /* Feed Image Loader */ = {
			isa = PBXGroup;
			children = (
				7B24C7EC29A528E800F7D087 /* FeedImageDataLoader.swift */,
			);
			path = "Feed Image Loader";
			sourceTree = "<group>";
		};
		7B24C7E929A528C200F7D087 /* Feed UI */ = {
			isa = PBXGroup;
			children = (
				7B24C7F229A531AB00F7D087 /* Composers */,
				7B24C7EA29A528C800F7D087 /* Controllers */,
			);
			path = "Feed UI";
			sourceTree = "<group>";
		};
		7B24C7EA29A528C800F7D087 /* Controllers */ = {
			isa = PBXGroup;
			children = (
				7BE3966B29A2686700EC263D /* FeedViewController.swift */,
				7B24C7F029A52DEF00F7D087 /* FeedImageCellController.swift */,
			);
			path = Controllers;
			sourceTree = "<group>";
		};
		7B24C7EB29A528CE00F7D087 /* Views */ = {
			isa = PBXGroup;
			children = (
				7BE3966F29A27A7D00EC263D /* UIView+Shimmering.swift */,
				7BE3966D29A26E3500EC263D /* FeedImageCell.swift */,
				7B8EDB9E29A7D09D00AC579F /* Feed.storyboard */,
				7B8EDBA029A7D10900AC579F /* Feed.xcassets */,
				7B8EDBA229A7DB6700AC579F /* UITableView+Dequeuing.swift */,
				7B8EDBA429A7DC4D00AC579F /* UIImageView+Animations.swift */,
			);
			path = Views;
			sourceTree = "<group>";
		};
		7B24C7F229A531AB00F7D087 /* Composers */ = {
			isa = PBXGroup;
			children = (
				7B24C7F329A531B400F7D087 /* FeedUIComposer.swift */,
			);
			path = Composers;
			sourceTree = "<group>";
		};
		7B6CEB87299AE8610086F803 /* FeedStoreSpecs */ = {
			isa = PBXGroup;
			children = (
				7B6CEB7D299AE5200086F803 /* FeedStoreSpecs.swift */,
				7B6CEB7F299AE5E40086F803 /* XCTestCase+FeedStoreSpecs.swift */,
				7B6CEB81299AE7500086F803 /* XCTestCase+FailableRetrieveFeedStoreSpecs.swift */,
				7B6CEB83299AE7DE0086F803 /* XCTestCase+FailableInsertFeedStoreSpecs.swift */,
				7B6CEB85299AE81E0086F803 /* XCTestCase+FailableDeleteFeedStoreSpecs.swift */,
			);
			path = FeedStoreSpecs;
			sourceTree = "<group>";
		};
		7B73FCC52992C32F0081F183 /* EssentialFeedAPIEndToEndTests */ = {
			isa = PBXGroup;
			children = (
				7B73FCC62992C32F0081F183 /* EssentialFeedAPIEndToEndTests.swift */,
			);
			path = EssentialFeedAPIEndToEndTests;
			sourceTree = "<group>";
		};
		7B7E3D41298B1B890023E027 = {
			isa = PBXGroup;
			children = (
				7B7E3D4D298B1B890023E027 /* EssentialFeed */,
				7B7E3D57298B1B8A0023E027 /* EssentialFeedTests */,
				7B73FCC52992C32F0081F183 /* EssentialFeedAPIEndToEndTests */,
				7BCE5F2C299C0F4D009F40F4 /* EssentialFeedCacheIntegrationTests */,
				7BE4D30B29A13B3200542071 /* EssentialFeediOS */,
				7BE4D31529A13B3300542071 /* EssentialFeediOSTests */,
				7B7E3D4C298B1B890023E027 /* Products */,
				7BE4D32429A1442100542071 /* Frameworks */,
			);
			sourceTree = "<group>";
		};
		7B7E3D4C298B1B890023E027 /* Products */ = {
			isa = PBXGroup;
			children = (
				7B7E3D4B298B1B890023E027 /* EssentialFeed.framework */,
				7B7E3D53298B1B8A0023E027 /* EssentialFeedTests.xctest */,
				7B73FCC42992C32F0081F183 /* EssentialFeedAPIEndToEndTests.xctest */,
				7BCE5F2B299C0F4D009F40F4 /* EssentialFeedCacheIntegrationTests.xctest */,
				7BE4D30A29A13B3200542071 /* EssentialFeediOS.framework */,
				7BE4D31129A13B3300542071 /* EssentialFeediOSTests.xctest */,
			);
			name = Products;
			sourceTree = "<group>";
		};
		7B7E3D4D298B1B890023E027 /* EssentialFeed */ = {
			isa = PBXGroup;
			children = (
				7B7E3D4E298B1B890023E027 /* EssentialFeed.h */,
				7B02E1FA298C53DF00426480 /* Feed API */,
				7B120EB929958B8F00C9A911 /* Feed Cache */,
				7B7E3D67298B1D040023E027 /* Feed Feature */,
			);
			path = EssentialFeed;
			sourceTree = "<group>";
		};
		7B7E3D57298B1B8A0023E027 /* EssentialFeedTests */ = {
			isa = PBXGroup;
			children = (
				7B02E1F8298C33BE00426480 /* LoadFeedFromRemoteUseCaseTests.swift */,
				7BDA26FF298D95110051D875 /* Feed API */,
				7B120EB62995692600C9A911 /* Feed Cache */,
				7B9F2E4F299196A700776AB9 /* Helpers */,
			);
			path = EssentialFeedTests;
			sourceTree = "<group>";
		};
		7B7E3D67298B1D040023E027 /* Feed Feature */ = {
			isa = PBXGroup;
			children = (
				7B7E3D63298B1BA40023E027 /* Feedtem.swift */,
				7B7E3D65298B1C550023E027 /* FeedLoader.swift */,
			);
			path = "Feed Feature";
			sourceTree = "<group>";
		};
		7B9F2E4F299196A700776AB9 /* Helpers */ = {
			isa = PBXGroup;
			children = (
				7B9F2E50299196CA00776AB9 /* XCTestCase+MemoryLeakTracking.swift */,
				7BD0DA3B299809EA009571DE /* SharedTestHelpers.swift */,
			);
			path = Helpers;
			sourceTree = "<group>";
		};
		7BCE5F1E299C0CB5009F40F4 /* CoreData */ = {
			isa = PBXGroup;
			children = (
				7BCE5F21299C0DB3009F40F4 /* CoreDataHelpers.swift */,
				7B5015D9299BF0CA0071E59D /* CoreDataFeedStore.swift */,
				7B5015DB299BF1780071E59D /* FeedStore.xcdatamodeld */,
				7BCE5F23299C0E07009F40F4 /* ManagedCache.swift */,
				7BCE5F25299C0E43009F40F4 /* ManagedFeedImage.swift */,
			);
			path = CoreData;
			sourceTree = "<group>";
		};
		7BCE5F1F299C0D42009F40F4 /* Infrastructure */ = {
			isa = PBXGroup;
			children = (
				7BCE5F20299C0D74009F40F4 /* Codable */,
				7BCE5F1E299C0CB5009F40F4 /* CoreData */,
			);
			path = Infrastructure;
			sourceTree = "<group>";
		};
		7BCE5F20299C0D74009F40F4 /* Codable */ = {
			isa = PBXGroup;
			children = (
				7B6CEB7B299ADA3E0086F803 /* CodableFeedStore.swift */,
			);
			path = Codable;
			sourceTree = "<group>";
		};
		7BCE5F2C299C0F4D009F40F4 /* EssentialFeedCacheIntegrationTests */ = {
			isa = PBXGroup;
			children = (
				7BCE5F2D299C0F4D009F40F4 /* EssentialFeedCacheIntegrationTests.swift */,
			);
			path = EssentialFeedCacheIntegrationTests;
			sourceTree = "<group>";
		};
		7BD0DA352997E5A8009571DE /* Helpers */ = {
			isa = PBXGroup;
			children = (
				7BD0DA3829980879009571DE /* FeedCacheTestHelpers.swift */,
				7BD0DA332997E532009571DE /* FeedStoreSpy.swift */,
			);
			path = Helpers;
			sourceTree = "<group>";
		};
		7BDA26FF298D95110051D875 /* Feed API */ = {
			isa = PBXGroup;
			children = (
				7BDA2700298EB5C20051D875 /* URLSessionHTTPClientTests.swift */,
			);
			path = "Feed API";
			sourceTree = "<group>";
		};
		7BE4D30B29A13B3200542071 /* EssentialFeediOS */ = {
			isa = PBXGroup;
			children = (
				7B24C7EB29A528CE00F7D087 /* Views */,
				7BF1094129A690FE00DAA3BA /* Feed Presentation */,
				7B24C7E929A528C200F7D087 /* Feed UI */,
				7B24C7E829A528B200F7D087 /* Feed Image Loader */,
			);
			path = EssentialFeediOS;
			sourceTree = "<group>";
		};
		7BE4D31529A13B3300542071 /* EssentialFeediOSTests */ = {
			isa = PBXGroup;
			children = (
				7BE4D32129A1419C00542071 /* FeedViewControllerTests.swift */,
			);
			path = EssentialFeediOSTests;
			sourceTree = "<group>";
		};
		7BE4D32429A1442100542071 /* Frameworks */ = {
			isa = PBXGroup;
			children = (
			);
			name = Frameworks;
			sourceTree = "<group>";
		};
		7BF1094129A690FE00DAA3BA /* Feed Presentation */ = {
			isa = PBXGroup;
			children = (
				7B24C7FA29A5464500F7D087 /* FeedImageViewModel.swift */,
				7BF1094429A6912300DAA3BA /* FeedPresenter.swift */,
				7BF1094629A69DFF00DAA3BA /* FeedImagePresenter.swift */,
				7BF1094829A69E1A00DAA3BA /* FeedLoadingViewModel.swift */,
				7BF1094B29A69E3C00DAA3BA /* FeedViewModel.swift */,
			);
			path = "Feed Presentation";
			sourceTree = "<group>";
		};
/* End PBXGroup section */

/* Begin PBXHeadersBuildPhase section */
		7B7E3D46298B1B890023E027 /* Headers */ = {
			isa = PBXHeadersBuildPhase;
			buildActionMask = 2147483647;
			files = (
				7B7E3D5A298B1B8A0023E027 /* EssentialFeed.h in Headers */,
			);
			runOnlyForDeploymentPostprocessing = 0;
		};
		7BE4D30529A13B3200542071 /* Headers */ = {
			isa = PBXHeadersBuildPhase;
			buildActionMask = 2147483647;
			files = (
			);
			runOnlyForDeploymentPostprocessing = 0;
		};
/* End PBXHeadersBuildPhase section */

/* Begin PBXNativeTarget section */
		7B73FCC32992C32F0081F183 /* EssentialFeedAPIEndToEndTests */ = {
			isa = PBXNativeTarget;
			buildConfigurationList = 7B73FCCB2992C32F0081F183 /* Build configuration list for PBXNativeTarget "EssentialFeedAPIEndToEndTests" */;
			buildPhases = (
				7B73FCC02992C32F0081F183 /* Sources */,
				7B73FCC12992C32F0081F183 /* Frameworks */,
				7B73FCC22992C32F0081F183 /* Resources */,
			);
			buildRules = (
			);
			dependencies = (
				7B73FCCA2992C32F0081F183 /* PBXTargetDependency */,
			);
			name = EssentialFeedAPIEndToEndTests;
			productName = EssentialFeedAPIEndToEndTests;
			productReference = 7B73FCC42992C32F0081F183 /* EssentialFeedAPIEndToEndTests.xctest */;
			productType = "com.apple.product-type.bundle.unit-test";
		};
		7B7E3D4A298B1B890023E027 /* EssentialFeed */ = {
			isa = PBXNativeTarget;
			buildConfigurationList = 7B7E3D5D298B1B8A0023E027 /* Build configuration list for PBXNativeTarget "EssentialFeed" */;
			buildPhases = (
				7B7E3D46298B1B890023E027 /* Headers */,
				7B7E3D47298B1B890023E027 /* Sources */,
				7B7E3D48298B1B890023E027 /* Frameworks */,
				7B7E3D49298B1B890023E027 /* Resources */,
			);
			buildRules = (
			);
			dependencies = (
			);
			name = EssentialFeed;
			productName = EssentialFeed;
			productReference = 7B7E3D4B298B1B890023E027 /* EssentialFeed.framework */;
			productType = "com.apple.product-type.framework";
		};
		7B7E3D52298B1B8A0023E027 /* EssentialFeedTests */ = {
			isa = PBXNativeTarget;
			buildConfigurationList = 7B7E3D60298B1B8A0023E027 /* Build configuration list for PBXNativeTarget "EssentialFeedTests" */;
			buildPhases = (
				7B7E3D4F298B1B8A0023E027 /* Sources */,
				7B7E3D50298B1B8A0023E027 /* Frameworks */,
				7B7E3D51298B1B8A0023E027 /* Resources */,
			);
			buildRules = (
			);
			dependencies = (
				7B7E3D56298B1B8A0023E027 /* PBXTargetDependency */,
			);
			name = EssentialFeedTests;
			productName = EssentialFeedTests;
			productReference = 7B7E3D53298B1B8A0023E027 /* EssentialFeedTests.xctest */;
			productType = "com.apple.product-type.bundle.unit-test";
		};
		7BCE5F2A299C0F4D009F40F4 /* EssentialFeedCacheIntegrationTests */ = {
			isa = PBXNativeTarget;
			buildConfigurationList = 7BCE5F32299C0F4D009F40F4 /* Build configuration list for PBXNativeTarget "EssentialFeedCacheIntegrationTests" */;
			buildPhases = (
				7BCE5F27299C0F4D009F40F4 /* Sources */,
				7BCE5F28299C0F4D009F40F4 /* Frameworks */,
				7BCE5F29299C0F4D009F40F4 /* Resources */,
			);
			buildRules = (
			);
			dependencies = (
				7BCE5F31299C0F4D009F40F4 /* PBXTargetDependency */,
			);
			name = EssentialFeedCacheIntegrationTests;
			productName = EssentialFeedCacheIntegrationTests;
			productReference = 7BCE5F2B299C0F4D009F40F4 /* EssentialFeedCacheIntegrationTests.xctest */;
			productType = "com.apple.product-type.bundle.unit-test";
		};
		7BE4D30929A13B3200542071 /* EssentialFeediOS */ = {
			isa = PBXNativeTarget;
			buildConfigurationList = 7BE4D31929A13B3300542071 /* Build configuration list for PBXNativeTarget "EssentialFeediOS" */;
			buildPhases = (
				7BE4D30529A13B3200542071 /* Headers */,
				7BE4D30629A13B3200542071 /* Sources */,
				7BE4D30729A13B3200542071 /* Frameworks */,
				7BE4D30829A13B3200542071 /* Resources */,
				7BE4D32E29A144A400542071 /* Embed Frameworks */,
			);
			buildRules = (
			);
			dependencies = (
				7BE4D32D29A144A400542071 /* PBXTargetDependency */,
			);
			name = EssentialFeediOS;
			productName = EssentialFeediOS;
			productReference = 7BE4D30A29A13B3200542071 /* EssentialFeediOS.framework */;
			productType = "com.apple.product-type.framework";
		};
		7BE4D31029A13B3300542071 /* EssentialFeediOSTests */ = {
			isa = PBXNativeTarget;
			buildConfigurationList = 7BE4D31C29A13B3300542071 /* Build configuration list for PBXNativeTarget "EssentialFeediOSTests" */;
			buildPhases = (
				7BE4D30D29A13B3300542071 /* Sources */,
				7BE4D30E29A13B3300542071 /* Frameworks */,
				7BE4D30F29A13B3300542071 /* Resources */,
			);
			buildRules = (
			);
			dependencies = (
				7BE4D31429A13B3300542071 /* PBXTargetDependency */,
			);
			name = EssentialFeediOSTests;
			productName = EssentialFeediOSTests;
			productReference = 7BE4D31129A13B3300542071 /* EssentialFeediOSTests.xctest */;
			productType = "com.apple.product-type.bundle.unit-test";
		};
/* End PBXNativeTarget section */

/* Begin PBXProject section */
		7B7E3D42298B1B890023E027 /* Project object */ = {
			isa = PBXProject;
			attributes = {
				BuildIndependentTargetsInParallel = 1;
				LastSwiftUpdateCheck = 1420;
				LastUpgradeCheck = 1420;
				TargetAttributes = {
					7B73FCC32992C32F0081F183 = {
						CreatedOnToolsVersion = 14.2;
					};
					7B7E3D4A298B1B890023E027 = {
						CreatedOnToolsVersion = 14.2;
						LastSwiftMigration = 1420;
					};
					7B7E3D52298B1B8A0023E027 = {
						CreatedOnToolsVersion = 14.2;
					};
					7BCE5F2A299C0F4D009F40F4 = {
						CreatedOnToolsVersion = 14.2;
					};
					7BE4D30929A13B3200542071 = {
						CreatedOnToolsVersion = 14.2;
						LastSwiftMigration = 1420;
					};
					7BE4D31029A13B3300542071 = {
						CreatedOnToolsVersion = 14.2;
					};
				};
			};
			buildConfigurationList = 7B7E3D45298B1B890023E027 /* Build configuration list for PBXProject "EssentialFeed" */;
			compatibilityVersion = "Xcode 14.0";
			developmentRegion = en;
			hasScannedForEncodings = 0;
			knownRegions = (
				en,
				Base,
			);
			mainGroup = 7B7E3D41298B1B890023E027;
			productRefGroup = 7B7E3D4C298B1B890023E027 /* Products */;
			projectDirPath = "";
			projectRoot = "";
			targets = (
				7B7E3D4A298B1B890023E027 /* EssentialFeed */,
				7B7E3D52298B1B8A0023E027 /* EssentialFeedTests */,
				7B73FCC32992C32F0081F183 /* EssentialFeedAPIEndToEndTests */,
				7BCE5F2A299C0F4D009F40F4 /* EssentialFeedCacheIntegrationTests */,
				7BE4D30929A13B3200542071 /* EssentialFeediOS */,
				7BE4D31029A13B3300542071 /* EssentialFeediOSTests */,
			);
		};
/* End PBXProject section */

/* Begin PBXResourcesBuildPhase section */
		7B73FCC22992C32F0081F183 /* Resources */ = {
			isa = PBXResourcesBuildPhase;
			buildActionMask = 2147483647;
			files = (
			);
			runOnlyForDeploymentPostprocessing = 0;
		};
		7B7E3D49298B1B890023E027 /* Resources */ = {
			isa = PBXResourcesBuildPhase;
			buildActionMask = 2147483647;
			files = (
			);
			runOnlyForDeploymentPostprocessing = 0;
		};
		7B7E3D51298B1B8A0023E027 /* Resources */ = {
			isa = PBXResourcesBuildPhase;
			buildActionMask = 2147483647;
			files = (
			);
			runOnlyForDeploymentPostprocessing = 0;
		};
		7BCE5F29299C0F4D009F40F4 /* Resources */ = {
			isa = PBXResourcesBuildPhase;
			buildActionMask = 2147483647;
			files = (
			);
			runOnlyForDeploymentPostprocessing = 0;
		};
		7BE4D30829A13B3200542071 /* Resources */ = {
			isa = PBXResourcesBuildPhase;
			buildActionMask = 2147483647;
			files = (
				7B8EDB9F29A7D09D00AC579F /* Feed.storyboard in Resources */,
				7B8EDBA129A7D10900AC579F /* Feed.xcassets in Resources */,
			);
			runOnlyForDeploymentPostprocessing = 0;
		};
		7BE4D30F29A13B3300542071 /* Resources */ = {
			isa = PBXResourcesBuildPhase;
			buildActionMask = 2147483647;
			files = (
			);
			runOnlyForDeploymentPostprocessing = 0;
		};
/* End PBXResourcesBuildPhase section */

/* Begin PBXSourcesBuildPhase section */
		7B73FCC02992C32F0081F183 /* Sources */ = {
			isa = PBXSourcesBuildPhase;
			buildActionMask = 2147483647;
			files = (
				7B73FCC72992C32F0081F183 /* EssentialFeedAPIEndToEndTests.swift in Sources */,
				7B73FCCE2992E3C10081F183 /* XCTestCase+MemoryLeakTracking.swift in Sources */,
			);
			runOnlyForDeploymentPostprocessing = 0;
		};
		7B7E3D47298B1B890023E027 /* Sources */ = {
			isa = PBXSourcesBuildPhase;
			buildActionMask = 2147483647;
			files = (
				7BCE5F22299C0DB3009F40F4 /* CoreDataHelpers.swift in Sources */,
				7BDA26FE298D8D280051D875 /* FeedItemsMapper.swift in Sources */,
				7B7E3D66298B1C550023E027 /* FeedLoader.swift in Sources */,
				7B54B98E2997DEA800365564 /* RemoteFeedItem.swift in Sources */,
				7BD1E22D299945DD00EB10CA /* FeedCachePolicy.swift in Sources */,
				7B02E1FC298C540200426480 /* RemoteFeedLoader.swift in Sources */,
				7B5015DD299BF1780071E59D /* FeedStore.xcdatamodeld in Sources */,
				7B54B9902997DED700365564 /* LocalFeedImage.swift in Sources */,
				7B120EBD29958C2000C9A911 /* FeedStore.swift in Sources */,
				7B120EBB29958BA300C9A911 /* LocalFeedLoader.swift in Sources */,
				7B6CEB7C299ADA3E0086F803 /* CodableFeedStore.swift in Sources */,
				7BDA26FA298D8CAF0051D875 /* HTTPClient.swift in Sources */,
				7B7E3D64298B1BA40023E027 /* Feedtem.swift in Sources */,
				7B73FCBF2992BF5C0081F183 /* URLSessionHTTPClient.swift in Sources */,
				7BCE5F24299C0E07009F40F4 /* ManagedCache.swift in Sources */,
				7B5015DA299BF0CA0071E59D /* CoreDataFeedStore.swift in Sources */,
				7BCE5F26299C0E43009F40F4 /* ManagedFeedImage.swift in Sources */,
			);
			runOnlyForDeploymentPostprocessing = 0;
		};
		7B7E3D4F298B1B8A0023E027 /* Sources */ = {
			isa = PBXSourcesBuildPhase;
			buildActionMask = 2147483647;
			files = (
				7BD0DA3929980879009571DE /* FeedCacheTestHelpers.swift in Sources */,
				7BD0DA3729980458009571DE /* ValidateFeedCacheUseCaseTests.swift in Sources */,
				7B02E1F9298C33BE00426480 /* LoadFeedFromRemoteUseCaseTests.swift in Sources */,
				7B9F2E51299196CA00776AB9 /* XCTestCase+MemoryLeakTracking.swift in Sources */,
				7B6CEB84299AE7DE0086F803 /* XCTestCase+FailableInsertFeedStoreSpecs.swift in Sources */,
				7BD0DA342997E532009571DE /* FeedStoreSpy.swift in Sources */,
				7BD0DA3C299809EA009571DE /* SharedTestHelpers.swift in Sources */,
				7B120EB82995694200C9A911 /* CacheFeedUseCaseTests.swift in Sources */,
				7BD0DA322997E426009571DE /* LoadFeedFromCacheUseCaseTests.swift in Sources */,
				7B6CEB86299AE81E0086F803 /* XCTestCase+FailableDeleteFeedStoreSpecs.swift in Sources */,
				7B6CEB82299AE7500086F803 /* XCTestCase+FailableRetrieveFeedStoreSpecs.swift in Sources */,
				7BDA2701298EB5C20051D875 /* URLSessionHTTPClientTests.swift in Sources */,
				7B6CEB7E299AE5200086F803 /* FeedStoreSpecs.swift in Sources */,
				7BD1E2302999501B00EB10CA /* CodableFeedStoreTests.swift in Sources */,
				7B5015D8299BF0770071E59D /* CoreDataFeedStoreTests.swift in Sources */,
				7B6CEB80299AE5E40086F803 /* XCTestCase+FeedStoreSpecs.swift in Sources */,
			);
			runOnlyForDeploymentPostprocessing = 0;
		};
		7BCE5F27299C0F4D009F40F4 /* Sources */ = {
			isa = PBXSourcesBuildPhase;
			buildActionMask = 2147483647;
			files = (
				7BCE5F2E299C0F4D009F40F4 /* EssentialFeedCacheIntegrationTests.swift in Sources */,
				7BCE5F35299C104C009F40F4 /* XCTestCase+MemoryLeakTracking.swift in Sources */,
				7BCE5F3A299C113D009F40F4 /* SharedTestHelpers.swift in Sources */,
				7BCE5F38299C1129009F40F4 /* FeedStoreSpy.swift in Sources */,
				7BCE5F39299C1133009F40F4 /* FeedCacheTestHelpers.swift in Sources */,
				7BCE5F37299C111C009F40F4 /* CacheFeedUseCaseTests.swift in Sources */,
			);
			runOnlyForDeploymentPostprocessing = 0;
		};
		7BE4D30629A13B3200542071 /* Sources */ = {
			isa = PBXSourcesBuildPhase;
			buildActionMask = 2147483647;
			files = (
				7BF1094529A6912300DAA3BA /* FeedPresenter.swift in Sources */,
				7B24C7ED29A528E800F7D087 /* FeedImageDataLoader.swift in Sources */,
				7BF1094C29A69E3C00DAA3BA /* FeedViewModel.swift in Sources */,
				7BF1094929A69E1A00DAA3BA /* FeedLoadingViewModel.swift in Sources */,
				7BE3967029A27A7D00EC263D /* UIView+Shimmering.swift in Sources */,
				7B8EDBA329A7DB6700AC579F /* UITableView+Dequeuing.swift in Sources */,
				7BF1094729A69DFF00DAA3BA /* FeedImagePresenter.swift in Sources */,
				7B8EDBA529A7DC4D00AC579F /* UIImageView+Animations.swift in Sources */,
				7BE3966C29A2686700EC263D /* FeedViewController.swift in Sources */,
				7BE3966E29A26E3500EC263D /* FeedImageCell.swift in Sources */,
				7B24C7FB29A5464500F7D087 /* FeedImageViewModel.swift in Sources */,
				7B24C7F129A52DEF00F7D087 /* FeedImageCellController.swift in Sources */,
				7B24C7F429A531B400F7D087 /* FeedUIComposer.swift in Sources */,
			);
			runOnlyForDeploymentPostprocessing = 0;
		};
		7BE4D30D29A13B3300542071 /* Sources */ = {
			isa = PBXSourcesBuildPhase;
			buildActionMask = 2147483647;
			files = (
				7BE4D32329A1419E00542071 /* FeedViewControllerTests.swift in Sources */,
				7BE4D32F29A144EE00542071 /* XCTestCase+MemoryLeakTracking.swift in Sources */,
			);
			runOnlyForDeploymentPostprocessing = 0;
		};
/* End PBXSourcesBuildPhase section */

/* Begin PBXTargetDependency section */
		7B73FCCA2992C32F0081F183 /* PBXTargetDependency */ = {
			isa = PBXTargetDependency;
			target = 7B7E3D4A298B1B890023E027 /* EssentialFeed */;
			targetProxy = 7B73FCC92992C32F0081F183 /* PBXContainerItemProxy */;
		};
		7B7E3D56298B1B8A0023E027 /* PBXTargetDependency */ = {
			isa = PBXTargetDependency;
			target = 7B7E3D4A298B1B890023E027 /* EssentialFeed */;
			targetProxy = 7B7E3D55298B1B8A0023E027 /* PBXContainerItemProxy */;
		};
		7BCE5F31299C0F4D009F40F4 /* PBXTargetDependency */ = {
			isa = PBXTargetDependency;
			target = 7B7E3D4A298B1B890023E027 /* EssentialFeed */;
			targetProxy = 7BCE5F30299C0F4D009F40F4 /* PBXContainerItemProxy */;
		};
		7BE4D31429A13B3300542071 /* PBXTargetDependency */ = {
			isa = PBXTargetDependency;
			target = 7BE4D30929A13B3200542071 /* EssentialFeediOS */;
			targetProxy = 7BE4D31329A13B3300542071 /* PBXContainerItemProxy */;
		};
		7BE4D32D29A144A400542071 /* PBXTargetDependency */ = {
			isa = PBXTargetDependency;
			platformFilter = ios;
			target = 7B7E3D4A298B1B890023E027 /* EssentialFeed */;
			targetProxy = 7BE4D32C29A144A400542071 /* PBXContainerItemProxy */;
		};
/* End PBXTargetDependency section */

/* Begin XCBuildConfiguration section */
		7B73FCCC2992C32F0081F183 /* Debug */ = {
			isa = XCBuildConfiguration;
			buildSettings = {
				CODE_SIGN_STYLE = Automatic;
				CURRENT_PROJECT_VERSION = 1;
				DEVELOPMENT_TEAM = 7QMB2347MT;
				GENERATE_INFOPLIST_FILE = YES;
				MACOSX_DEPLOYMENT_TARGET = 12.4;
				MARKETING_VERSION = 1.0;
				PRODUCT_BUNDLE_IDENTIFIER = com.example.it.EssentialFeedAPIEndToEndTests;
				PRODUCT_NAME = "$(TARGET_NAME)";
				SUPPORTED_PLATFORMS = "macosx iphonesimulator iphoneos";
				SWIFT_EMIT_LOC_STRINGS = NO;
				SWIFT_VERSION = 5.0;
			};
			name = Debug;
		};
		7B73FCCD2992C32F0081F183 /* Release */ = {
			isa = XCBuildConfiguration;
			buildSettings = {
				CODE_SIGN_STYLE = Automatic;
				CURRENT_PROJECT_VERSION = 1;
				DEVELOPMENT_TEAM = 7QMB2347MT;
				GENERATE_INFOPLIST_FILE = YES;
				MACOSX_DEPLOYMENT_TARGET = 12.4;
				MARKETING_VERSION = 1.0;
				PRODUCT_BUNDLE_IDENTIFIER = com.example.it.EssentialFeedAPIEndToEndTests;
				PRODUCT_NAME = "$(TARGET_NAME)";
				SUPPORTED_PLATFORMS = "macosx iphonesimulator iphoneos";
				SWIFT_EMIT_LOC_STRINGS = NO;
				SWIFT_VERSION = 5.0;
			};
			name = Release;
		};
		7B7E3D5B298B1B8A0023E027 /* Debug */ = {
			isa = XCBuildConfiguration;
			buildSettings = {
				ALWAYS_SEARCH_USER_PATHS = NO;
				CLANG_ANALYZER_NONNULL = YES;
				CLANG_ANALYZER_NUMBER_OBJECT_CONVERSION = YES_AGGRESSIVE;
				CLANG_CXX_LANGUAGE_STANDARD = "gnu++20";
				CLANG_ENABLE_MODULES = YES;
				CLANG_ENABLE_OBJC_ARC = YES;
				CLANG_ENABLE_OBJC_WEAK = YES;
				CLANG_WARN_BLOCK_CAPTURE_AUTORELEASING = YES;
				CLANG_WARN_BOOL_CONVERSION = YES;
				CLANG_WARN_COMMA = YES;
				CLANG_WARN_CONSTANT_CONVERSION = YES;
				CLANG_WARN_DEPRECATED_OBJC_IMPLEMENTATIONS = YES;
				CLANG_WARN_DIRECT_OBJC_ISA_USAGE = YES_ERROR;
				CLANG_WARN_DOCUMENTATION_COMMENTS = YES;
				CLANG_WARN_EMPTY_BODY = YES;
				CLANG_WARN_ENUM_CONVERSION = YES;
				CLANG_WARN_INFINITE_RECURSION = YES;
				CLANG_WARN_INT_CONVERSION = YES;
				CLANG_WARN_NON_LITERAL_NULL_CONVERSION = YES;
				CLANG_WARN_OBJC_IMPLICIT_RETAIN_SELF = YES;
				CLANG_WARN_OBJC_LITERAL_CONVERSION = YES;
				CLANG_WARN_OBJC_ROOT_CLASS = YES_ERROR;
				CLANG_WARN_QUOTED_INCLUDE_IN_FRAMEWORK_HEADER = YES;
				CLANG_WARN_RANGE_LOOP_ANALYSIS = YES;
				CLANG_WARN_STRICT_PROTOTYPES = YES;
				CLANG_WARN_SUSPICIOUS_MOVE = YES;
				CLANG_WARN_UNGUARDED_AVAILABILITY = YES_AGGRESSIVE;
				CLANG_WARN_UNREACHABLE_CODE = YES;
				CLANG_WARN__DUPLICATE_METHOD_MATCH = YES;
				COPY_PHASE_STRIP = NO;
				CURRENT_PROJECT_VERSION = 1;
				DEBUG_INFORMATION_FORMAT = dwarf;
				ENABLE_STRICT_OBJC_MSGSEND = YES;
				ENABLE_TESTABILITY = YES;
				GCC_C_LANGUAGE_STANDARD = gnu11;
				GCC_DYNAMIC_NO_PIC = NO;
				GCC_NO_COMMON_BLOCKS = YES;
				GCC_OPTIMIZATION_LEVEL = 0;
				GCC_PREPROCESSOR_DEFINITIONS = (
					"DEBUG=1",
					"$(inherited)",
				);
				GCC_WARN_64_TO_32_BIT_CONVERSION = YES;
				GCC_WARN_ABOUT_RETURN_TYPE = YES_ERROR;
				GCC_WARN_UNDECLARED_SELECTOR = YES;
				GCC_WARN_UNINITIALIZED_AUTOS = YES_AGGRESSIVE;
				GCC_WARN_UNUSED_FUNCTION = YES;
				GCC_WARN_UNUSED_VARIABLE = YES;
				MACOSX_DEPLOYMENT_TARGET = 13.0;
				MTL_ENABLE_DEBUG_INFO = INCLUDE_SOURCE;
				MTL_FAST_MATH = YES;
				ONLY_ACTIVE_ARCH = YES;
				SDKROOT = macosx;
				SWIFT_ACTIVE_COMPILATION_CONDITIONS = DEBUG;
				SWIFT_OPTIMIZATION_LEVEL = "-Onone";
				VERSIONING_SYSTEM = "apple-generic";
				VERSION_INFO_PREFIX = "";
			};
			name = Debug;
		};
		7B7E3D5C298B1B8A0023E027 /* Release */ = {
			isa = XCBuildConfiguration;
			buildSettings = {
				ALWAYS_SEARCH_USER_PATHS = NO;
				CLANG_ANALYZER_NONNULL = YES;
				CLANG_ANALYZER_NUMBER_OBJECT_CONVERSION = YES_AGGRESSIVE;
				CLANG_CXX_LANGUAGE_STANDARD = "gnu++20";
				CLANG_ENABLE_MODULES = YES;
				CLANG_ENABLE_OBJC_ARC = YES;
				CLANG_ENABLE_OBJC_WEAK = YES;
				CLANG_WARN_BLOCK_CAPTURE_AUTORELEASING = YES;
				CLANG_WARN_BOOL_CONVERSION = YES;
				CLANG_WARN_COMMA = YES;
				CLANG_WARN_CONSTANT_CONVERSION = YES;
				CLANG_WARN_DEPRECATED_OBJC_IMPLEMENTATIONS = YES;
				CLANG_WARN_DIRECT_OBJC_ISA_USAGE = YES_ERROR;
				CLANG_WARN_DOCUMENTATION_COMMENTS = YES;
				CLANG_WARN_EMPTY_BODY = YES;
				CLANG_WARN_ENUM_CONVERSION = YES;
				CLANG_WARN_INFINITE_RECURSION = YES;
				CLANG_WARN_INT_CONVERSION = YES;
				CLANG_WARN_NON_LITERAL_NULL_CONVERSION = YES;
				CLANG_WARN_OBJC_IMPLICIT_RETAIN_SELF = YES;
				CLANG_WARN_OBJC_LITERAL_CONVERSION = YES;
				CLANG_WARN_OBJC_ROOT_CLASS = YES_ERROR;
				CLANG_WARN_QUOTED_INCLUDE_IN_FRAMEWORK_HEADER = YES;
				CLANG_WARN_RANGE_LOOP_ANALYSIS = YES;
				CLANG_WARN_STRICT_PROTOTYPES = YES;
				CLANG_WARN_SUSPICIOUS_MOVE = YES;
				CLANG_WARN_UNGUARDED_AVAILABILITY = YES_AGGRESSIVE;
				CLANG_WARN_UNREACHABLE_CODE = YES;
				CLANG_WARN__DUPLICATE_METHOD_MATCH = YES;
				COPY_PHASE_STRIP = NO;
				CURRENT_PROJECT_VERSION = 1;
				DEBUG_INFORMATION_FORMAT = "dwarf-with-dsym";
				ENABLE_NS_ASSERTIONS = NO;
				ENABLE_STRICT_OBJC_MSGSEND = YES;
				GCC_C_LANGUAGE_STANDARD = gnu11;
				GCC_NO_COMMON_BLOCKS = YES;
				GCC_WARN_64_TO_32_BIT_CONVERSION = YES;
				GCC_WARN_ABOUT_RETURN_TYPE = YES_ERROR;
				GCC_WARN_UNDECLARED_SELECTOR = YES;
				GCC_WARN_UNINITIALIZED_AUTOS = YES_AGGRESSIVE;
				GCC_WARN_UNUSED_FUNCTION = YES;
				GCC_WARN_UNUSED_VARIABLE = YES;
				MACOSX_DEPLOYMENT_TARGET = 13.0;
				MTL_ENABLE_DEBUG_INFO = NO;
				MTL_FAST_MATH = YES;
				SDKROOT = macosx;
				SWIFT_COMPILATION_MODE = wholemodule;
				SWIFT_OPTIMIZATION_LEVEL = "-O";
				VERSIONING_SYSTEM = "apple-generic";
				VERSION_INFO_PREFIX = "";
			};
			name = Release;
		};
		7B7E3D5E298B1B8A0023E027 /* Debug */ = {
			isa = XCBuildConfiguration;
			buildSettings = {
				CLANG_ENABLE_MODULES = YES;
				CODE_SIGN_STYLE = Automatic;
				COMBINE_HIDPI_IMAGES = YES;
				CURRENT_PROJECT_VERSION = 1;
				DEFINES_MODULE = YES;
				DEVELOPMENT_TEAM = UYXPW2Z6TM;
				DYLIB_COMPATIBILITY_VERSION = 1;
				DYLIB_CURRENT_VERSION = 1;
				DYLIB_INSTALL_NAME_BASE = "@rpath";
				GENERATE_INFOPLIST_FILE = YES;
				INFOPLIST_KEY_NSHumanReadableCopyright = "";
				INSTALL_PATH = "$(LOCAL_LIBRARY_DIR)/Frameworks";
				LD_RUNPATH_SEARCH_PATHS = (
					"$(inherited)",
					"@executable_path/../Frameworks",
					"@loader_path/Frameworks",
				);
				MACOSX_DEPLOYMENT_TARGET = 12.4;
				MARKETING_VERSION = 1.0;
				PRODUCT_BUNDLE_IDENTIFIER = com.example.it.EssentialFeed;
				PRODUCT_NAME = "$(TARGET_NAME:c99extidentifier)";
				SKIP_INSTALL = YES;
				SUPPORTED_PLATFORMS = "macosx iphonesimulator iphoneos";
				SWIFT_EMIT_LOC_STRINGS = YES;
				SWIFT_OPTIMIZATION_LEVEL = "-Onone";
				SWIFT_VERSION = 5.0;
			};
			name = Debug;
		};
		7B7E3D5F298B1B8A0023E027 /* Release */ = {
			isa = XCBuildConfiguration;
			buildSettings = {
				CLANG_ENABLE_MODULES = YES;
				CODE_SIGN_STYLE = Automatic;
				COMBINE_HIDPI_IMAGES = YES;
				CURRENT_PROJECT_VERSION = 1;
				DEFINES_MODULE = YES;
				DEVELOPMENT_TEAM = UYXPW2Z6TM;
				DYLIB_COMPATIBILITY_VERSION = 1;
				DYLIB_CURRENT_VERSION = 1;
				DYLIB_INSTALL_NAME_BASE = "@rpath";
				GENERATE_INFOPLIST_FILE = YES;
				INFOPLIST_KEY_NSHumanReadableCopyright = "";
				INSTALL_PATH = "$(LOCAL_LIBRARY_DIR)/Frameworks";
				LD_RUNPATH_SEARCH_PATHS = (
					"$(inherited)",
					"@executable_path/../Frameworks",
					"@loader_path/Frameworks",
				);
				MACOSX_DEPLOYMENT_TARGET = 12.4;
				MARKETING_VERSION = 1.0;
				PRODUCT_BUNDLE_IDENTIFIER = com.example.it.EssentialFeed;
				PRODUCT_NAME = "$(TARGET_NAME:c99extidentifier)";
				SKIP_INSTALL = YES;
				SUPPORTED_PLATFORMS = "macosx iphonesimulator iphoneos";
				SWIFT_EMIT_LOC_STRINGS = YES;
				SWIFT_VERSION = 5.0;
			};
			name = Release;
		};
		7B7E3D61298B1B8A0023E027 /* Debug */ = {
			isa = XCBuildConfiguration;
			buildSettings = {
				ALWAYS_EMBED_SWIFT_STANDARD_LIBRARIES = YES;
				CODE_SIGN_STYLE = Automatic;
				CURRENT_PROJECT_VERSION = 1;
				DEVELOPMENT_TEAM = UYXPW2Z6TM;
				GENERATE_INFOPLIST_FILE = YES;
				MACOSX_DEPLOYMENT_TARGET = 12.4;
				MARKETING_VERSION = 1.0;
				PRODUCT_BUNDLE_IDENTIFIER = com.example.it.EssentialFeedTests;
				PRODUCT_NAME = "$(TARGET_NAME)";
				SUPPORTED_PLATFORMS = "macosx iphonesimulator iphoneos";
				SWIFT_EMIT_LOC_STRINGS = NO;
				SWIFT_VERSION = 5.0;
			};
			name = Debug;
		};
		7B7E3D62298B1B8A0023E027 /* Release */ = {
			isa = XCBuildConfiguration;
			buildSettings = {
				ALWAYS_EMBED_SWIFT_STANDARD_LIBRARIES = YES;
				CODE_SIGN_STYLE = Automatic;
				CURRENT_PROJECT_VERSION = 1;
				DEVELOPMENT_TEAM = UYXPW2Z6TM;
				GENERATE_INFOPLIST_FILE = YES;
				MACOSX_DEPLOYMENT_TARGET = 12.4;
				MARKETING_VERSION = 1.0;
				PRODUCT_BUNDLE_IDENTIFIER = com.example.it.EssentialFeedTests;
				PRODUCT_NAME = "$(TARGET_NAME)";
				SUPPORTED_PLATFORMS = "macosx iphonesimulator iphoneos";
				SWIFT_EMIT_LOC_STRINGS = NO;
				SWIFT_VERSION = 5.0;
			};
			name = Release;
		};
		7BCE5F33299C0F4D009F40F4 /* Debug */ = {
			isa = XCBuildConfiguration;
			buildSettings = {
				CODE_SIGN_STYLE = Automatic;
				CURRENT_PROJECT_VERSION = 1;
				DEVELOPMENT_TEAM = UYXPW2Z6TM;
				GENERATE_INFOPLIST_FILE = YES;
				MARKETING_VERSION = 1.0;
				PRODUCT_BUNDLE_IDENTIFIER = com.example.it.EssentialFeedCacheIntegrationTests;
				PRODUCT_NAME = "$(TARGET_NAME)";
				SUPPORTED_PLATFORMS = "macosx iphonesimulator iphoneos";
				SWIFT_EMIT_LOC_STRINGS = NO;
				SWIFT_VERSION = 5.0;
			};
			name = Debug;
		};
		7BCE5F34299C0F4D009F40F4 /* Release */ = {
			isa = XCBuildConfiguration;
			buildSettings = {
				CODE_SIGN_STYLE = Automatic;
				CURRENT_PROJECT_VERSION = 1;
				DEVELOPMENT_TEAM = UYXPW2Z6TM;
				GENERATE_INFOPLIST_FILE = YES;
				MARKETING_VERSION = 1.0;
				PRODUCT_BUNDLE_IDENTIFIER = com.example.it.EssentialFeedCacheIntegrationTests;
				PRODUCT_NAME = "$(TARGET_NAME)";
				SUPPORTED_PLATFORMS = "macosx iphonesimulator iphoneos";
				SWIFT_EMIT_LOC_STRINGS = NO;
				SWIFT_VERSION = 5.0;
			};
			name = Release;
		};
		7BE4D31A29A13B3300542071 /* Debug */ = {
			isa = XCBuildConfiguration;
			buildSettings = {
				CLANG_ENABLE_MODULES = YES;
				CODE_SIGN_STYLE = Automatic;
				CURRENT_PROJECT_VERSION = 1;
				DEFINES_MODULE = YES;
				DEVELOPMENT_TEAM = UYXPW2Z6TM;
				DYLIB_COMPATIBILITY_VERSION = 1;
				DYLIB_CURRENT_VERSION = 1;
				DYLIB_INSTALL_NAME_BASE = "@rpath";
				GENERATE_INFOPLIST_FILE = YES;
				INFOPLIST_KEY_NSHumanReadableCopyright = "";
				INSTALL_PATH = "$(LOCAL_LIBRARY_DIR)/Frameworks";
				IPHONEOS_DEPLOYMENT_TARGET = 16.2;
				LD_RUNPATH_SEARCH_PATHS = (
					"$(inherited)",
					"@executable_path/Frameworks",
					"@loader_path/Frameworks",
				);
				MARKETING_VERSION = 1.0;
				PRODUCT_BUNDLE_IDENTIFIER = com.example.it.EssentialFeediOS;
				PRODUCT_NAME = "$(TARGET_NAME:c99extidentifier)";
				SDKROOT = iphoneos;
				SKIP_INSTALL = YES;
				SWIFT_EMIT_LOC_STRINGS = YES;
				SWIFT_OPTIMIZATION_LEVEL = "-Onone";
				SWIFT_VERSION = 5.0;
				TARGETED_DEVICE_FAMILY = "1,2";
			};
			name = Debug;
		};
		7BE4D31B29A13B3300542071 /* Release */ = {
			isa = XCBuildConfiguration;
			buildSettings = {
				CLANG_ENABLE_MODULES = YES;
				CODE_SIGN_STYLE = Automatic;
				CURRENT_PROJECT_VERSION = 1;
				DEFINES_MODULE = YES;
				DEVELOPMENT_TEAM = UYXPW2Z6TM;
				DYLIB_COMPATIBILITY_VERSION = 1;
				DYLIB_CURRENT_VERSION = 1;
				DYLIB_INSTALL_NAME_BASE = "@rpath";
				GENERATE_INFOPLIST_FILE = YES;
				INFOPLIST_KEY_NSHumanReadableCopyright = "";
				INSTALL_PATH = "$(LOCAL_LIBRARY_DIR)/Frameworks";
				IPHONEOS_DEPLOYMENT_TARGET = 16.2;
				LD_RUNPATH_SEARCH_PATHS = (
					"$(inherited)",
					"@executable_path/Frameworks",
					"@loader_path/Frameworks",
				);
				MARKETING_VERSION = 1.0;
				PRODUCT_BUNDLE_IDENTIFIER = com.example.it.EssentialFeediOS;
				PRODUCT_NAME = "$(TARGET_NAME:c99extidentifier)";
				SDKROOT = iphoneos;
				SKIP_INSTALL = YES;
				SWIFT_EMIT_LOC_STRINGS = YES;
				SWIFT_VERSION = 5.0;
				TARGETED_DEVICE_FAMILY = "1,2";
				VALIDATE_PRODUCT = YES;
			};
			name = Release;
		};
		7BE4D31D29A13B3300542071 /* Debug */ = {
			isa = XCBuildConfiguration;
			buildSettings = {
				ALWAYS_EMBED_SWIFT_STANDARD_LIBRARIES = YES;
				CODE_SIGN_STYLE = Automatic;
				CURRENT_PROJECT_VERSION = 1;
				DEVELOPMENT_TEAM = UYXPW2Z6TM;
				GENERATE_INFOPLIST_FILE = YES;
				IPHONEOS_DEPLOYMENT_TARGET = 16.2;
				MARKETING_VERSION = 1.0;
				PRODUCT_BUNDLE_IDENTIFIER = com.example.it.EssentialFeediOSTests;
				PRODUCT_NAME = "$(TARGET_NAME)";
				SDKROOT = iphoneos;
				SWIFT_EMIT_LOC_STRINGS = NO;
				SWIFT_VERSION = 5.0;
				TARGETED_DEVICE_FAMILY = "1,2";
			};
			name = Debug;
		};
		7BE4D31E29A13B3300542071 /* Release */ = {
			isa = XCBuildConfiguration;
			buildSettings = {
				ALWAYS_EMBED_SWIFT_STANDARD_LIBRARIES = YES;
				CODE_SIGN_STYLE = Automatic;
				CURRENT_PROJECT_VERSION = 1;
				DEVELOPMENT_TEAM = UYXPW2Z6TM;
				GENERATE_INFOPLIST_FILE = YES;
				IPHONEOS_DEPLOYMENT_TARGET = 16.2;
				MARKETING_VERSION = 1.0;
				PRODUCT_BUNDLE_IDENTIFIER = com.example.it.EssentialFeediOSTests;
				PRODUCT_NAME = "$(TARGET_NAME)";
				SDKROOT = iphoneos;
				SWIFT_EMIT_LOC_STRINGS = NO;
				SWIFT_VERSION = 5.0;
				TARGETED_DEVICE_FAMILY = "1,2";
				VALIDATE_PRODUCT = YES;
			};
			name = Release;
		};
/* End XCBuildConfiguration section */

/* Begin XCConfigurationList section */
		7B73FCCB2992C32F0081F183 /* Build configuration list for PBXNativeTarget "EssentialFeedAPIEndToEndTests" */ = {
			isa = XCConfigurationList;
			buildConfigurations = (
				7B73FCCC2992C32F0081F183 /* Debug */,
				7B73FCCD2992C32F0081F183 /* Release */,
			);
			defaultConfigurationIsVisible = 0;
			defaultConfigurationName = Release;
		};
		7B7E3D45298B1B890023E027 /* Build configuration list for PBXProject "EssentialFeed" */ = {
			isa = XCConfigurationList;
			buildConfigurations = (
				7B7E3D5B298B1B8A0023E027 /* Debug */,
				7B7E3D5C298B1B8A0023E027 /* Release */,
			);
			defaultConfigurationIsVisible = 0;
			defaultConfigurationName = Release;
		};
		7B7E3D5D298B1B8A0023E027 /* Build configuration list for PBXNativeTarget "EssentialFeed" */ = {
			isa = XCConfigurationList;
			buildConfigurations = (
				7B7E3D5E298B1B8A0023E027 /* Debug */,
				7B7E3D5F298B1B8A0023E027 /* Release */,
			);
			defaultConfigurationIsVisible = 0;
			defaultConfigurationName = Release;
		};
		7B7E3D60298B1B8A0023E027 /* Build configuration list for PBXNativeTarget "EssentialFeedTests" */ = {
			isa = XCConfigurationList;
			buildConfigurations = (
				7B7E3D61298B1B8A0023E027 /* Debug */,
				7B7E3D62298B1B8A0023E027 /* Release */,
			);
			defaultConfigurationIsVisible = 0;
			defaultConfigurationName = Release;
		};
		7BCE5F32299C0F4D009F40F4 /* Build configuration list for PBXNativeTarget "EssentialFeedCacheIntegrationTests" */ = {
			isa = XCConfigurationList;
			buildConfigurations = (
				7BCE5F33299C0F4D009F40F4 /* Debug */,
				7BCE5F34299C0F4D009F40F4 /* Release */,
			);
			defaultConfigurationIsVisible = 0;
			defaultConfigurationName = Release;
		};
		7BE4D31929A13B3300542071 /* Build configuration list for PBXNativeTarget "EssentialFeediOS" */ = {
			isa = XCConfigurationList;
			buildConfigurations = (
				7BE4D31A29A13B3300542071 /* Debug */,
				7BE4D31B29A13B3300542071 /* Release */,
			);
			defaultConfigurationIsVisible = 0;
			defaultConfigurationName = Release;
		};
		7BE4D31C29A13B3300542071 /* Build configuration list for PBXNativeTarget "EssentialFeediOSTests" */ = {
			isa = XCConfigurationList;
			buildConfigurations = (
				7BE4D31D29A13B3300542071 /* Debug */,
				7BE4D31E29A13B3300542071 /* Release */,
			);
			defaultConfigurationIsVisible = 0;
			defaultConfigurationName = Release;
		};
/* End XCConfigurationList section */

/* Begin XCVersionGroup section */
		7B5015DB299BF1780071E59D /* FeedStore.xcdatamodeld */ = {
			isa = XCVersionGroup;
			children = (
				7B5015DC299BF1780071E59D /* FeedStore.xcdatamodel */,
			);
			currentVersion = 7B5015DC299BF1780071E59D /* FeedStore.xcdatamodel */;
			path = FeedStore.xcdatamodeld;
			sourceTree = "<group>";
			versionGroupType = wrapper.xcdatamodel;
		};
/* End XCVersionGroup section */
	};
	rootObject = 7B7E3D42298B1B890023E027 /* Project object */;
}
