// !$*UTF8*$!
{
	archiveVersion = 1;
	classes = {
	};
	objectVersion = 56;
	objects = {

/* Begin PBXBuildFile section */
		7B55ED522A5418F300A7B812 /* CombineHelpers.swift in Sources */ = {isa = PBXBuildFile; fileRef = 7B55ED512A5418F300A7B812 /* CombineHelpers.swift */; };
		7B55EDB92A5482CE00A7B812 /* CommentsUIComposer.swift in Sources */ = {isa = PBXBuildFile; fileRef = 7B55EDB82A5482CE00A7B812 /* CommentsUIComposer.swift */; };
		7B55EDBB2A5482ED00A7B812 /* CommentsUIIntegrationTests.swift in Sources */ = {isa = PBXBuildFile; fileRef = 7B55EDBA2A5482ED00A7B812 /* CommentsUIIntegrationTests.swift */; };
		7B65C1C029AD2A5300C267F1 /* AppDelegate.swift in Sources */ = {isa = PBXBuildFile; fileRef = 7B65C1BF29AD2A5300C267F1 /* AppDelegate.swift */; };
		7B65C1C229AD2A5300C267F1 /* SceneDelegate.swift in Sources */ = {isa = PBXBuildFile; fileRef = 7B65C1C129AD2A5300C267F1 /* SceneDelegate.swift */; };
		7B65C1C429AD2A5300C267F1 /* ViewController.swift in Sources */ = {isa = PBXBuildFile; fileRef = 7B65C1C329AD2A5300C267F1 /* ViewController.swift */; };
		7B65C1C729AD2A5300C267F1 /* Main.storyboard in Resources */ = {isa = PBXBuildFile; fileRef = 7B65C1C529AD2A5300C267F1 /* Main.storyboard */; };
		7B65C1C929AD2A5300C267F1 /* Assets.xcassets in Resources */ = {isa = PBXBuildFile; fileRef = 7B65C1C829AD2A5300C267F1 /* Assets.xcassets */; };
		7B65C1CC29AD2A5300C267F1 /* LaunchScreen.storyboard in Resources */ = {isa = PBXBuildFile; fileRef = 7B65C1CA29AD2A5300C267F1 /* LaunchScreen.storyboard */; };
		7B65C1F229AD2B2800C267F1 /* EssentialFeed.framework in Frameworks */ = {isa = PBXBuildFile; fileRef = 7B65C1F029AD2B2800C267F1 /* EssentialFeed.framework */; };
		7B65C1F329AD2B2800C267F1 /* EssentialFeed.framework in Embed Frameworks */ = {isa = PBXBuildFile; fileRef = 7B65C1F029AD2B2800C267F1 /* EssentialFeed.framework */; settings = {ATTRIBUTES = (CodeSignOnCopy, RemoveHeadersOnCopy, ); }; };
		7B65C1F429AD2B2800C267F1 /* EssentialFeediOS.framework in Frameworks */ = {isa = PBXBuildFile; fileRef = 7B65C1F129AD2B2800C267F1 /* EssentialFeediOS.framework */; };
		7B65C1F529AD2B2800C267F1 /* EssentialFeediOS.framework in Embed Frameworks */ = {isa = PBXBuildFile; fileRef = 7B65C1F129AD2B2800C267F1 /* EssentialFeediOS.framework */; settings = {ATTRIBUTES = (CodeSignOnCopy, RemoveHeadersOnCopy, ); }; };
		7B65C20929AE7BCB00C267F1 /* SharedTestHelpers.swift in Sources */ = {isa = PBXBuildFile; fileRef = 7B65C20829AE7BCB00C267F1 /* SharedTestHelpers.swift */; };
		7B65C20B29AE7BDA00C267F1 /* XCTestCase+MemoryLeakTracking.swift in Sources */ = {isa = PBXBuildFile; fileRef = 7B65C20A29AE7BDA00C267F1 /* XCTestCase+MemoryLeakTracking.swift */; };
		7B9501F429B38CD500D707D6 /* FeedImageDataLoaderTaskStub.swift in Sources */ = {isa = PBXBuildFile; fileRef = 7B9501F329B38CD500D707D6 /* FeedImageDataLoaderTaskStub.swift */; };
		7B9501FC29B39FDA00D707D6 /* FeedImageCacheSpy.swift in Sources */ = {isa = PBXBuildFile; fileRef = 7B9501FB29B39FDA00D707D6 /* FeedImageCacheSpy.swift */; };
		7BB5773529B4F09B006DF14E /* WeakRefVirtualProxy.swift in Sources */ = {isa = PBXBuildFile; fileRef = 7BB5773329B4F09B006DF14E /* WeakRefVirtualProxy.swift */; };
		7BB5773629B4F09B006DF14E /* FeedViewAdapter.swift in Sources */ = {isa = PBXBuildFile; fileRef = 7BB5773129B4F09B006DF14E /* FeedViewAdapter.swift */; };
		7BB5773829B4F09B006DF14E /* LoadResourcePresentationAdapter.swift in Sources */ = {isa = PBXBuildFile; fileRef = 7BB5773029B4F09B006DF14E /* LoadResourcePresentationAdapter.swift */; };
		7BB5773A29B4F09B006DF14E /* FeedUIComposer.swift in Sources */ = {isa = PBXBuildFile; fileRef = 7BB5772F29B4F09B006DF14E /* FeedUIComposer.swift */; };
		7BB5774429B4F0C0006DF14E /* UIRefreshControl+TestHelpers.swift in Sources */ = {isa = PBXBuildFile; fileRef = 7BB5774029B4F0C0006DF14E /* UIRefreshControl+TestHelpers.swift */; };
		7BB5774529B4F0C0006DF14E /* FeedUIIntegrationTests+LoaderSpy.swift in Sources */ = {isa = PBXBuildFile; fileRef = 7BB5773B29B4F0C0006DF14E /* FeedUIIntegrationTests+LoaderSpy.swift */; };
		7BB5774729B4F0C0006DF14E /* UIButton+TestHelpers.swift in Sources */ = {isa = PBXBuildFile; fileRef = 7BB5773D29B4F0C0006DF14E /* UIButton+TestHelpers.swift */; };
		7BB5774829B4F0C0006DF14E /* UIImage+TestHelpers.swift in Sources */ = {isa = PBXBuildFile; fileRef = 7BB5773E29B4F0C0006DF14E /* UIImage+TestHelpers.swift */; };
		7BB5774929B4F0C0006DF14E /* UIControl+TestHelpers.swift in Sources */ = {isa = PBXBuildFile; fileRef = 7BB5773F29B4F0C0006DF14E /* UIControl+TestHelpers.swift */; };
		7BB5774A29B4F0C0006DF14E /* FeedImageCell+TestHelpers.swift in Sources */ = {isa = PBXBuildFile; fileRef = 7BB5774229B4F0C0006DF14E /* FeedImageCell+TestHelpers.swift */; };
		7BB5774B29B4F0C0006DF14E /* FeedUIIntegrationTests+Assertions.swift in Sources */ = {isa = PBXBuildFile; fileRef = 7BB5773C29B4F0C0006DF14E /* FeedUIIntegrationTests+Assertions.swift */; };
		7BB5774C29B4F0C0006DF14E /* ListViewController+TestHelpers.swift in Sources */ = {isa = PBXBuildFile; fileRef = 7BB5774329B4F0C0006DF14E /* ListViewController+TestHelpers.swift */; };
		7BB5774E29B4F0D3006DF14E /* FeedUIIntegrationTests.swift in Sources */ = {isa = PBXBuildFile; fileRef = 7BB5774D29B4F0D3006DF14E /* FeedUIIntegrationTests.swift */; };
		7BB5775029B4F750006DF14E /* FeedAcceptanceTests.swift in Sources */ = {isa = PBXBuildFile; fileRef = 7BB5774F29B4F750006DF14E /* FeedAcceptanceTests.swift */; };
		7BB5775229B4F790006DF14E /* HTTPClientStub.swift in Sources */ = {isa = PBXBuildFile; fileRef = 7BB5775129B4F790006DF14E /* HTTPClientStub.swift */; };
		7BB5775429B4F7A5006DF14E /* InMemoryFeedStore.swift in Sources */ = {isa = PBXBuildFile; fileRef = 7BB5775329B4F7A5006DF14E /* InMemoryFeedStore.swift */; };
		7BB5775629B4F7B9006DF14E /* SceneDelegateTests.swift in Sources */ = {isa = PBXBuildFile; fileRef = 7BB5775529B4F7B9006DF14E /* SceneDelegateTests.swift */; };
/* End PBXBuildFile section */

/* Begin PBXContainerItemProxy section */
		7B65C1D329AD2A5400C267F1 /* PBXContainerItemProxy */ = {
			isa = PBXContainerItemProxy;
			containerPortal = 7B65C1B429AD2A5300C267F1 /* Project object */;
			proxyType = 1;
			remoteGlobalIDString = 7B65C1BB29AD2A5300C267F1;
			remoteInfo = EssentialApp;
		};
/* End PBXContainerItemProxy section */

/* Begin PBXCopyFilesBuildPhase section */
		7B65C1F629AD2B2800C267F1 /* Embed Frameworks */ = {
			isa = PBXCopyFilesBuildPhase;
			buildActionMask = 2147483647;
			dstPath = "";
			dstSubfolderSpec = 10;
			files = (
				7B65C1F329AD2B2800C267F1 /* EssentialFeed.framework in Embed Frameworks */,
				7B65C1F529AD2B2800C267F1 /* EssentialFeediOS.framework in Embed Frameworks */,
			);
			name = "Embed Frameworks";
			runOnlyForDeploymentPostprocessing = 0;
		};
/* End PBXCopyFilesBuildPhase section */

/* Begin PBXFileReference section */
		7B55ED512A5418F300A7B812 /* CombineHelpers.swift */ = {isa = PBXFileReference; lastKnownFileType = sourcecode.swift; path = CombineHelpers.swift; sourceTree = "<group>"; };
		7B55EDB82A5482CE00A7B812 /* CommentsUIComposer.swift */ = {isa = PBXFileReference; lastKnownFileType = sourcecode.swift; path = CommentsUIComposer.swift; sourceTree = "<group>"; };
		7B55EDBA2A5482ED00A7B812 /* CommentsUIIntegrationTests.swift */ = {isa = PBXFileReference; lastKnownFileType = sourcecode.swift; path = CommentsUIIntegrationTests.swift; sourceTree = "<group>"; };
		7B65C1BC29AD2A5300C267F1 /* EssentialApp.app */ = {isa = PBXFileReference; explicitFileType = wrapper.application; includeInIndex = 0; path = EssentialApp.app; sourceTree = BUILT_PRODUCTS_DIR; };
		7B65C1BF29AD2A5300C267F1 /* AppDelegate.swift */ = {isa = PBXFileReference; lastKnownFileType = sourcecode.swift; path = AppDelegate.swift; sourceTree = "<group>"; };
		7B65C1C129AD2A5300C267F1 /* SceneDelegate.swift */ = {isa = PBXFileReference; lastKnownFileType = sourcecode.swift; path = SceneDelegate.swift; sourceTree = "<group>"; };
		7B65C1C329AD2A5300C267F1 /* ViewController.swift */ = {isa = PBXFileReference; lastKnownFileType = sourcecode.swift; path = ViewController.swift; sourceTree = "<group>"; };
		7B65C1C629AD2A5300C267F1 /* Base */ = {isa = PBXFileReference; lastKnownFileType = file.storyboard; name = Base; path = Base.lproj/Main.storyboard; sourceTree = "<group>"; };
		7B65C1C829AD2A5300C267F1 /* Assets.xcassets */ = {isa = PBXFileReference; lastKnownFileType = folder.assetcatalog; path = Assets.xcassets; sourceTree = "<group>"; };
		7B65C1CB29AD2A5300C267F1 /* Base */ = {isa = PBXFileReference; lastKnownFileType = file.storyboard; name = Base; path = Base.lproj/LaunchScreen.storyboard; sourceTree = "<group>"; };
		7B65C1CD29AD2A5300C267F1 /* Info.plist */ = {isa = PBXFileReference; lastKnownFileType = text.plist.xml; path = Info.plist; sourceTree = "<group>"; };
		7B65C1D229AD2A5400C267F1 /* EssentialAppTests.xctest */ = {isa = PBXFileReference; explicitFileType = wrapper.cfbundle; includeInIndex = 0; path = EssentialAppTests.xctest; sourceTree = BUILT_PRODUCTS_DIR; };
		7B65C1F029AD2B2800C267F1 /* EssentialFeed.framework */ = {isa = PBXFileReference; explicitFileType = wrapper.framework; path = EssentialFeed.framework; sourceTree = BUILT_PRODUCTS_DIR; };
		7B65C1F129AD2B2800C267F1 /* EssentialFeediOS.framework */ = {isa = PBXFileReference; explicitFileType = wrapper.framework; path = EssentialFeediOS.framework; sourceTree = BUILT_PRODUCTS_DIR; };
		7B65C20829AE7BCB00C267F1 /* SharedTestHelpers.swift */ = {isa = PBXFileReference; lastKnownFileType = sourcecode.swift; path = SharedTestHelpers.swift; sourceTree = "<group>"; };
		7B65C20A29AE7BDA00C267F1 /* XCTestCase+MemoryLeakTracking.swift */ = {isa = PBXFileReference; lastKnownFileType = sourcecode.swift; path = "XCTestCase+MemoryLeakTracking.swift"; sourceTree = "<group>"; };
		7B9501F329B38CD500D707D6 /* FeedImageDataLoaderTaskStub.swift */ = {isa = PBXFileReference; lastKnownFileType = sourcecode.swift; path = FeedImageDataLoaderTaskStub.swift; sourceTree = "<group>"; };
		7B9501FB29B39FDA00D707D6 /* FeedImageCacheSpy.swift */ = {isa = PBXFileReference; lastKnownFileType = sourcecode.swift; path = FeedImageCacheSpy.swift; sourceTree = "<group>"; };
		7BB5772F29B4F09B006DF14E /* FeedUIComposer.swift */ = {isa = PBXFileReference; lastKnownFileType = sourcecode.swift; path = FeedUIComposer.swift; sourceTree = "<group>"; };
		7BB5773029B4F09B006DF14E /* LoadResourcePresentationAdapter.swift */ = {isa = PBXFileReference; lastKnownFileType = sourcecode.swift; path = LoadResourcePresentationAdapter.swift; sourceTree = "<group>"; };
		7BB5773129B4F09B006DF14E /* FeedViewAdapter.swift */ = {isa = PBXFileReference; lastKnownFileType = sourcecode.swift; path = FeedViewAdapter.swift; sourceTree = "<group>"; };
		7BB5773329B4F09B006DF14E /* WeakRefVirtualProxy.swift */ = {isa = PBXFileReference; lastKnownFileType = sourcecode.swift; path = WeakRefVirtualProxy.swift; sourceTree = "<group>"; };
		7BB5773B29B4F0C0006DF14E /* FeedUIIntegrationTests+LoaderSpy.swift */ = {isa = PBXFileReference; lastKnownFileType = sourcecode.swift; path = "FeedUIIntegrationTests+LoaderSpy.swift"; sourceTree = "<group>"; };
		7BB5773C29B4F0C0006DF14E /* FeedUIIntegrationTests+Assertions.swift */ = {isa = PBXFileReference; lastKnownFileType = sourcecode.swift; path = "FeedUIIntegrationTests+Assertions.swift"; sourceTree = "<group>"; };
		7BB5773D29B4F0C0006DF14E /* UIButton+TestHelpers.swift */ = {isa = PBXFileReference; lastKnownFileType = sourcecode.swift; path = "UIButton+TestHelpers.swift"; sourceTree = "<group>"; };
		7BB5773E29B4F0C0006DF14E /* UIImage+TestHelpers.swift */ = {isa = PBXFileReference; lastKnownFileType = sourcecode.swift; path = "UIImage+TestHelpers.swift"; sourceTree = "<group>"; };
		7BB5773F29B4F0C0006DF14E /* UIControl+TestHelpers.swift */ = {isa = PBXFileReference; lastKnownFileType = sourcecode.swift; path = "UIControl+TestHelpers.swift"; sourceTree = "<group>"; };
		7BB5774029B4F0C0006DF14E /* UIRefreshControl+TestHelpers.swift */ = {isa = PBXFileReference; lastKnownFileType = sourcecode.swift; path = "UIRefreshControl+TestHelpers.swift"; sourceTree = "<group>"; };
		7BB5774229B4F0C0006DF14E /* FeedImageCell+TestHelpers.swift */ = {isa = PBXFileReference; lastKnownFileType = sourcecode.swift; path = "FeedImageCell+TestHelpers.swift"; sourceTree = "<group>"; };
		7BB5774329B4F0C0006DF14E /* ListViewController+TestHelpers.swift */ = {isa = PBXFileReference; lastKnownFileType = sourcecode.swift; path = "ListViewController+TestHelpers.swift"; sourceTree = "<group>"; };
		7BB5774D29B4F0D3006DF14E /* FeedUIIntegrationTests.swift */ = {isa = PBXFileReference; lastKnownFileType = sourcecode.swift; path = FeedUIIntegrationTests.swift; sourceTree = "<group>"; };
		7BB5774F29B4F750006DF14E /* FeedAcceptanceTests.swift */ = {isa = PBXFileReference; lastKnownFileType = sourcecode.swift; path = FeedAcceptanceTests.swift; sourceTree = "<group>"; };
		7BB5775129B4F790006DF14E /* HTTPClientStub.swift */ = {isa = PBXFileReference; lastKnownFileType = sourcecode.swift; path = HTTPClientStub.swift; sourceTree = "<group>"; };
		7BB5775329B4F7A5006DF14E /* InMemoryFeedStore.swift */ = {isa = PBXFileReference; lastKnownFileType = sourcecode.swift; path = InMemoryFeedStore.swift; sourceTree = "<group>"; };
		7BB5775529B4F7B9006DF14E /* SceneDelegateTests.swift */ = {isa = PBXFileReference; lastKnownFileType = sourcecode.swift; path = SceneDelegateTests.swift; sourceTree = "<group>"; };
/* End PBXFileReference section */

/* Begin PBXFrameworksBuildPhase section */
		7B65C1B929AD2A5300C267F1 /* Frameworks */ = {
			isa = PBXFrameworksBuildPhase;
			buildActionMask = 2147483647;
			files = (
				7B65C1F229AD2B2800C267F1 /* EssentialFeed.framework in Frameworks */,
				7B65C1F429AD2B2800C267F1 /* EssentialFeediOS.framework in Frameworks */,
			);
			runOnlyForDeploymentPostprocessing = 0;
		};
		7B65C1CF29AD2A5400C267F1 /* Frameworks */ = {
			isa = PBXFrameworksBuildPhase;
			buildActionMask = 2147483647;
			files = (
			);
			runOnlyForDeploymentPostprocessing = 0;
		};
/* End PBXFrameworksBuildPhase section */

/* Begin PBXGroup section */
		7B65C1B329AD2A5300C267F1 = {
			isa = PBXGroup;
			children = (
				7B65C1BE29AD2A5300C267F1 /* EssentialApp */,
				7B65C1D529AD2A5400C267F1 /* EssentialAppTests */,
				7B65C1BD29AD2A5300C267F1 /* Products */,
				7B65C1EF29AD2B2800C267F1 /* Frameworks */,
			);
			sourceTree = "<group>";
		};
		7B65C1BD29AD2A5300C267F1 /* Products */ = {
			isa = PBXGroup;
			children = (
				7B65C1BC29AD2A5300C267F1 /* EssentialApp.app */,
				7B65C1D229AD2A5400C267F1 /* EssentialAppTests.xctest */,
			);
			name = Products;
			sourceTree = "<group>";
		};
		7B65C1BE29AD2A5300C267F1 /* EssentialApp */ = {
			isa = PBXGroup;
			children = (
				7B65C1CD29AD2A5300C267F1 /* Info.plist */,
				7BB5772F29B4F09B006DF14E /* FeedUIComposer.swift */,
				7BB5773329B4F09B006DF14E /* WeakRefVirtualProxy.swift */,
				7BB5773029B4F09B006DF14E /* LoadResourcePresentationAdapter.swift */,
				7BB5773129B4F09B006DF14E /* FeedViewAdapter.swift */,
				7B65C1BF29AD2A5300C267F1 /* AppDelegate.swift */,
				7B65C1C129AD2A5300C267F1 /* SceneDelegate.swift */,
				7B65C1C329AD2A5300C267F1 /* ViewController.swift */,
				7B65C1C829AD2A5300C267F1 /* Assets.xcassets */,
				7B65C1CA29AD2A5300C267F1 /* LaunchScreen.storyboard */,
				7B65C1C529AD2A5300C267F1 /* Main.storyboard */,
				7B55ED512A5418F300A7B812 /* CombineHelpers.swift */,
				7B55EDB82A5482CE00A7B812 /* CommentsUIComposer.swift */,
			);
			path = EssentialApp;
			sourceTree = "<group>";
		};
		7B65C1D529AD2A5400C267F1 /* EssentialAppTests */ = {
			isa = PBXGroup;
			children = (
				7BB5774D29B4F0D3006DF14E /* FeedUIIntegrationTests.swift */,
				7B65C20729AE7BC400C267F1 /* Helpers */,
				7BB5774F29B4F750006DF14E /* FeedAcceptanceTests.swift */,
				7BB5775529B4F7B9006DF14E /* SceneDelegateTests.swift */,
				7B55EDBA2A5482ED00A7B812 /* CommentsUIIntegrationTests.swift */,
			);
			path = EssentialAppTests;
			sourceTree = "<group>";
		};
		7B65C1EF29AD2B2800C267F1 /* Frameworks */ = {
			isa = PBXGroup;
			children = (
				7B65C1F029AD2B2800C267F1 /* EssentialFeed.framework */,
				7B65C1F129AD2B2800C267F1 /* EssentialFeediOS.framework */,
			);
			name = Frameworks;
			sourceTree = "<group>";
		};
		7B65C20729AE7BC400C267F1 /* Helpers */ = {
			isa = PBXGroup;
			children = (
				7BB5773E29B4F0C0006DF14E /* UIImage+TestHelpers.swift */,
				7BB5774029B4F0C0006DF14E /* UIRefreshControl+TestHelpers.swift */,
				7BB5773D29B4F0C0006DF14E /* UIButton+TestHelpers.swift */,
				7BB5773F29B4F0C0006DF14E /* UIControl+TestHelpers.swift */,
				7BB5774329B4F0C0006DF14E /* ListViewController+TestHelpers.swift */,
				7BB5774229B4F0C0006DF14E /* FeedImageCell+TestHelpers.swift */,
				7BB5773B29B4F0C0006DF14E /* FeedUIIntegrationTests+LoaderSpy.swift */,
				7BB5773C29B4F0C0006DF14E /* FeedUIIntegrationTests+Assertions.swift */,
				7B9501FB29B39FDA00D707D6 /* FeedImageCacheSpy.swift */,
				7B9501F329B38CD500D707D6 /* FeedImageDataLoaderTaskStub.swift */,
				7B65C20829AE7BCB00C267F1 /* SharedTestHelpers.swift */,
				7B65C20A29AE7BDA00C267F1 /* XCTestCase+MemoryLeakTracking.swift */,
				7BB5775129B4F790006DF14E /* HTTPClientStub.swift */,
				7BB5775329B4F7A5006DF14E /* InMemoryFeedStore.swift */,
			);
			path = Helpers;
			sourceTree = "<group>";
		};
/* End PBXGroup section */

/* Begin PBXNativeTarget section */
		7B65C1BB29AD2A5300C267F1 /* EssentialApp */ = {
			isa = PBXNativeTarget;
			buildConfigurationList = 7B65C1E629AD2A5400C267F1 /* Build configuration list for PBXNativeTarget "EssentialApp" */;
			buildPhases = (
				7B65C1B829AD2A5300C267F1 /* Sources */,
				7B65C1B929AD2A5300C267F1 /* Frameworks */,
				7B65C1BA29AD2A5300C267F1 /* Resources */,
				7B65C1F629AD2B2800C267F1 /* Embed Frameworks */,
			);
			buildRules = (
			);
			dependencies = (
			);
			name = EssentialApp;
			productName = EssentialApp;
			productReference = 7B65C1BC29AD2A5300C267F1 /* EssentialApp.app */;
			productType = "com.apple.product-type.application";
		};
		7B65C1D129AD2A5400C267F1 /* EssentialAppTests */ = {
			isa = PBXNativeTarget;
			buildConfigurationList = 7B65C1E929AD2A5400C267F1 /* Build configuration list for PBXNativeTarget "EssentialAppTests" */;
			buildPhases = (
				7B65C1CE29AD2A5400C267F1 /* Sources */,
				7B65C1CF29AD2A5400C267F1 /* Frameworks */,
				7B65C1D029AD2A5400C267F1 /* Resources */,
			);
			buildRules = (
			);
			dependencies = (
				7B65C1D429AD2A5400C267F1 /* PBXTargetDependency */,
			);
			name = EssentialAppTests;
			productName = EssentialAppTests;
			productReference = 7B65C1D229AD2A5400C267F1 /* EssentialAppTests.xctest */;
			productType = "com.apple.product-type.bundle.unit-test";
		};
/* End PBXNativeTarget section */

/* Begin PBXProject section */
		7B65C1B429AD2A5300C267F1 /* Project object */ = {
			isa = PBXProject;
			attributes = {
				BuildIndependentTargetsInParallel = 1;
				LastSwiftUpdateCheck = 1420;
				LastUpgradeCheck = 1420;
				TargetAttributes = {
					7B65C1BB29AD2A5300C267F1 = {
						CreatedOnToolsVersion = 14.2;
					};
					7B65C1D129AD2A5400C267F1 = {
						CreatedOnToolsVersion = 14.2;
						LastSwiftMigration = 1420;
						TestTargetID = 7B65C1BB29AD2A5300C267F1;
					};
				};
			};
			buildConfigurationList = 7B65C1B729AD2A5300C267F1 /* Build configuration list for PBXProject "EssentialApp" */;
			compatibilityVersion = "Xcode 14.0";
			developmentRegion = en;
			hasScannedForEncodings = 0;
			knownRegions = (
				en,
				Base,
			);
			mainGroup = 7B65C1B329AD2A5300C267F1;
			productRefGroup = 7B65C1BD29AD2A5300C267F1 /* Products */;
			projectDirPath = "";
			projectRoot = "";
			targets = (
				7B65C1BB29AD2A5300C267F1 /* EssentialApp */,
				7B65C1D129AD2A5400C267F1 /* EssentialAppTests */,
			);
		};
/* End PBXProject section */

/* Begin PBXResourcesBuildPhase section */
		7B65C1BA29AD2A5300C267F1 /* Resources */ = {
			isa = PBXResourcesBuildPhase;
			buildActionMask = 2147483647;
			files = (
				7B65C1CC29AD2A5300C267F1 /* LaunchScreen.storyboard in Resources */,
				7B65C1C929AD2A5300C267F1 /* Assets.xcassets in Resources */,
				7B65C1C729AD2A5300C267F1 /* Main.storyboard in Resources */,
			);
			runOnlyForDeploymentPostprocessing = 0;
		};
		7B65C1D029AD2A5400C267F1 /* Resources */ = {
			isa = PBXResourcesBuildPhase;
			buildActionMask = 2147483647;
			files = (
			);
			runOnlyForDeploymentPostprocessing = 0;
		};
/* End PBXResourcesBuildPhase section */

/* Begin PBXSourcesBuildPhase section */
		7B65C1B829AD2A5300C267F1 /* Sources */ = {
			isa = PBXSourcesBuildPhase;
			buildActionMask = 2147483647;
			files = (
				7B65C1C429AD2A5300C267F1 /* ViewController.swift in Sources */,
				7B55ED522A5418F300A7B812 /* CombineHelpers.swift in Sources */,
				7BB5773629B4F09B006DF14E /* FeedViewAdapter.swift in Sources */,
				7BB5773829B4F09B006DF14E /* LoadResourcePresentationAdapter.swift in Sources */,
				7B55EDB92A5482CE00A7B812 /* CommentsUIComposer.swift in Sources */,
				7B65C1C029AD2A5300C267F1 /* AppDelegate.swift in Sources */,
				7B65C1C229AD2A5300C267F1 /* SceneDelegate.swift in Sources */,
				7BB5773529B4F09B006DF14E /* WeakRefVirtualProxy.swift in Sources */,
				7BB5773A29B4F09B006DF14E /* FeedUIComposer.swift in Sources */,
			);
			runOnlyForDeploymentPostprocessing = 0;
		};
		7B65C1CE29AD2A5400C267F1 /* Sources */ = {
			isa = PBXSourcesBuildPhase;
			buildActionMask = 2147483647;
			files = (
				7BB5774529B4F0C0006DF14E /* FeedUIIntegrationTests+LoaderSpy.swift in Sources */,
				7BB5775629B4F7B9006DF14E /* SceneDelegateTests.swift in Sources */,
				7B9501FC29B39FDA00D707D6 /* FeedImageCacheSpy.swift in Sources */,
				7BB5774C29B4F0C0006DF14E /* ListViewController+TestHelpers.swift in Sources */,
				7BB5775029B4F750006DF14E /* FeedAcceptanceTests.swift in Sources */,
				7BB5774E29B4F0D3006DF14E /* FeedUIIntegrationTests.swift in Sources */,
				7B65C20B29AE7BDA00C267F1 /* XCTestCase+MemoryLeakTracking.swift in Sources */,
				7BB5775229B4F790006DF14E /* HTTPClientStub.swift in Sources */,
				7BB5774B29B4F0C0006DF14E /* FeedUIIntegrationTests+Assertions.swift in Sources */,
				7BB5774929B4F0C0006DF14E /* UIControl+TestHelpers.swift in Sources */,
				7BB5774829B4F0C0006DF14E /* UIImage+TestHelpers.swift in Sources */,
				7BB5774A29B4F0C0006DF14E /* FeedImageCell+TestHelpers.swift in Sources */,
				7BB5774429B4F0C0006DF14E /* UIRefreshControl+TestHelpers.swift in Sources */,
				7B65C20929AE7BCB00C267F1 /* SharedTestHelpers.swift in Sources */,
				7B9501F429B38CD500D707D6 /* FeedImageDataLoaderTaskStub.swift in Sources */,
				7BB5774729B4F0C0006DF14E /* UIButton+TestHelpers.swift in Sources */,
				7BB5775429B4F7A5006DF14E /* InMemoryFeedStore.swift in Sources */,
				7B55EDBB2A5482ED00A7B812 /* CommentsUIIntegrationTests.swift in Sources */,
			);
			runOnlyForDeploymentPostprocessing = 0;
		};
/* End PBXSourcesBuildPhase section */

/* Begin PBXTargetDependency section */
		7B65C1D429AD2A5400C267F1 /* PBXTargetDependency */ = {
			isa = PBXTargetDependency;
			target = 7B65C1BB29AD2A5300C267F1 /* EssentialApp */;
			targetProxy = 7B65C1D329AD2A5400C267F1 /* PBXContainerItemProxy */;
		};
/* End PBXTargetDependency section */

/* Begin PBXVariantGroup section */
		7B65C1C529AD2A5300C267F1 /* Main.storyboard */ = {
			isa = PBXVariantGroup;
			children = (
				7B65C1C629AD2A5300C267F1 /* Base */,
			);
			name = Main.storyboard;
			sourceTree = "<group>";
		};
		7B65C1CA29AD2A5300C267F1 /* LaunchScreen.storyboard */ = {
			isa = PBXVariantGroup;
			children = (
				7B65C1CB29AD2A5300C267F1 /* Base */,
			);
			name = LaunchScreen.storyboard;
			sourceTree = "<group>";
		};
/* End PBXVariantGroup section */

/* Begin XCBuildConfiguration section */
		7B65C1E429AD2A5400C267F1 /* Debug */ = {
			isa = XCBuildConfiguration;
			buildSettings = {
				ALWAYS_SEARCH_USER_PATHS = NO;
				CLANG_ANALYZER_NONNULL = YES;
				CLANG_ANALYZER_NUMBER_OBJECT_CONVERSION = YES_AGGRESSIVE;
				CLANG_CXX_LANGUAGE_STANDARD = "gnu++20";
				CLANG_ENABLE_MODULES = YES;
				CLANG_ENABLE_OBJC_ARC = YES;
				CLANG_ENABLE_OBJC_WEAK = YES;
				CLANG_WARN_BLOCK_CAPTURE_AUTORELEASING = YES;
				CLANG_WARN_BOOL_CONVERSION = YES;
				CLANG_WARN_COMMA = YES;
				CLANG_WARN_CONSTANT_CONVERSION = YES;
				CLANG_WARN_DEPRECATED_OBJC_IMPLEMENTATIONS = YES;
				CLANG_WARN_DIRECT_OBJC_ISA_USAGE = YES_ERROR;
				CLANG_WARN_DOCUMENTATION_COMMENTS = YES;
				CLANG_WARN_EMPTY_BODY = YES;
				CLANG_WARN_ENUM_CONVERSION = YES;
				CLANG_WARN_INFINITE_RECURSION = YES;
				CLANG_WARN_INT_CONVERSION = YES;
				CLANG_WARN_NON_LITERAL_NULL_CONVERSION = YES;
				CLANG_WARN_OBJC_IMPLICIT_RETAIN_SELF = YES;
				CLANG_WARN_OBJC_LITERAL_CONVERSION = YES;
				CLANG_WARN_OBJC_ROOT_CLASS = YES_ERROR;
				CLANG_WARN_QUOTED_INCLUDE_IN_FRAMEWORK_HEADER = YES;
				CLANG_WARN_RANGE_LOOP_ANALYSIS = YES;
				CLANG_WARN_STRICT_PROTOTYPES = YES;
				CLANG_WARN_SUSPICIOUS_MOVE = YES;
				CLANG_WARN_UNGUARDED_AVAILABILITY = YES_AGGRESSIVE;
				CLANG_WARN_UNREACHABLE_CODE = YES;
				CLANG_WARN__DUPLICATE_METHOD_MATCH = YES;
				COPY_PHASE_STRIP = NO;
				DEBUG_INFORMATION_FORMAT = dwarf;
				ENABLE_STRICT_OBJC_MSGSEND = YES;
				ENABLE_TESTABILITY = YES;
				GCC_C_LANGUAGE_STANDARD = gnu11;
				GCC_DYNAMIC_NO_PIC = NO;
				GCC_NO_COMMON_BLOCKS = YES;
				GCC_OPTIMIZATION_LEVEL = 0;
				GCC_PREPROCESSOR_DEFINITIONS = (
					"DEBUG=1",
					"$(inherited)",
				);
				GCC_WARN_64_TO_32_BIT_CONVERSION = YES;
				GCC_WARN_ABOUT_RETURN_TYPE = YES_ERROR;
				GCC_WARN_UNDECLARED_SELECTOR = YES;
				GCC_WARN_UNINITIALIZED_AUTOS = YES_AGGRESSIVE;
				GCC_WARN_UNUSED_FUNCTION = YES;
				GCC_WARN_UNUSED_VARIABLE = YES;
				IPHONEOS_DEPLOYMENT_TARGET = 13.0;
				MTL_ENABLE_DEBUG_INFO = INCLUDE_SOURCE;
				MTL_FAST_MATH = YES;
				ONLY_ACTIVE_ARCH = YES;
				SDKROOT = iphoneos;
				SWIFT_ACTIVE_COMPILATION_CONDITIONS = DEBUG;
				SWIFT_OPTIMIZATION_LEVEL = "-Onone";
			};
			name = Debug;
		};
		7B65C1E529AD2A5400C267F1 /* Release */ = {
			isa = XCBuildConfiguration;
			buildSettings = {
				ALWAYS_SEARCH_USER_PATHS = NO;
				CLANG_ANALYZER_NONNULL = YES;
				CLANG_ANALYZER_NUMBER_OBJECT_CONVERSION = YES_AGGRESSIVE;
				CLANG_CXX_LANGUAGE_STANDARD = "gnu++20";
				CLANG_ENABLE_MODULES = YES;
				CLANG_ENABLE_OBJC_ARC = YES;
				CLANG_ENABLE_OBJC_WEAK = YES;
				CLANG_WARN_BLOCK_CAPTURE_AUTORELEASING = YES;
				CLANG_WARN_BOOL_CONVERSION = YES;
				CLANG_WARN_COMMA = YES;
				CLANG_WARN_CONSTANT_CONVERSION = YES;
				CLANG_WARN_DEPRECATED_OBJC_IMPLEMENTATIONS = YES;
				CLANG_WARN_DIRECT_OBJC_ISA_USAGE = YES_ERROR;
				CLANG_WARN_DOCUMENTATION_COMMENTS = YES;
				CLANG_WARN_EMPTY_BODY = YES;
				CLANG_WARN_ENUM_CONVERSION = YES;
				CLANG_WARN_INFINITE_RECURSION = YES;
				CLANG_WARN_INT_CONVERSION = YES;
				CLANG_WARN_NON_LITERAL_NULL_CONVERSION = YES;
				CLANG_WARN_OBJC_IMPLICIT_RETAIN_SELF = YES;
				CLANG_WARN_OBJC_LITERAL_CONVERSION = YES;
				CLANG_WARN_OBJC_ROOT_CLASS = YES_ERROR;
				CLANG_WARN_QUOTED_INCLUDE_IN_FRAMEWORK_HEADER = YES;
				CLANG_WARN_RANGE_LOOP_ANALYSIS = YES;
				CLANG_WARN_STRICT_PROTOTYPES = YES;
				CLANG_WARN_SUSPICIOUS_MOVE = YES;
				CLANG_WARN_UNGUARDED_AVAILABILITY = YES_AGGRESSIVE;
				CLANG_WARN_UNREACHABLE_CODE = YES;
				CLANG_WARN__DUPLICATE_METHOD_MATCH = YES;
				COPY_PHASE_STRIP = NO;
				DEBUG_INFORMATION_FORMAT = "dwarf-with-dsym";
				ENABLE_NS_ASSERTIONS = NO;
				ENABLE_STRICT_OBJC_MSGSEND = YES;
				GCC_C_LANGUAGE_STANDARD = gnu11;
				GCC_NO_COMMON_BLOCKS = YES;
				GCC_WARN_64_TO_32_BIT_CONVERSION = YES;
				GCC_WARN_ABOUT_RETURN_TYPE = YES_ERROR;
				GCC_WARN_UNDECLARED_SELECTOR = YES;
				GCC_WARN_UNINITIALIZED_AUTOS = YES_AGGRESSIVE;
				GCC_WARN_UNUSED_FUNCTION = YES;
				GCC_WARN_UNUSED_VARIABLE = YES;
				IPHONEOS_DEPLOYMENT_TARGET = 13.0;
				MTL_ENABLE_DEBUG_INFO = NO;
				MTL_FAST_MATH = YES;
				SDKROOT = iphoneos;
				SWIFT_COMPILATION_MODE = wholemodule;
				SWIFT_OPTIMIZATION_LEVEL = "-O";
				VALIDATE_PRODUCT = YES;
			};
			name = Release;
		};
		7B65C1E729AD2A5400C267F1 /* Debug */ = {
			isa = XCBuildConfiguration;
			buildSettings = {
				ASSETCATALOG_COMPILER_APPICON_NAME = AppIcon;
				ASSETCATALOG_COMPILER_GLOBAL_ACCENT_COLOR_NAME = AccentColor;
				CODE_SIGN_STYLE = Automatic;
				CURRENT_PROJECT_VERSION = 1;
				DEVELOPMENT_TEAM = UYXPW2Z6TM;
				GENERATE_INFOPLIST_FILE = YES;
				INFOPLIST_FILE = EssentialApp/Info.plist;
				INFOPLIST_KEY_UIApplicationSupportsIndirectInputEvents = YES;
				INFOPLIST_KEY_UILaunchStoryboardName = LaunchScreen;
				INFOPLIST_KEY_UIMainStoryboardFile = Main;
				INFOPLIST_KEY_UISupportedInterfaceOrientations = UIInterfaceOrientationPortrait;
				INFOPLIST_KEY_UISupportedInterfaceOrientations_iPad = "UIInterfaceOrientationLandscapeLeft UIInterfaceOrientationLandscapeRight UIInterfaceOrientationPortrait UIInterfaceOrientationPortraitUpsideDown";
				LD_RUNPATH_SEARCH_PATHS = (
					"$(inherited)",
					"@executable_path/Frameworks",
				);
				MARKETING_VERSION = 1.0;
				PRODUCT_BUNDLE_IDENTIFIER = com.example.it.EssentialApp;
				PRODUCT_NAME = "$(TARGET_NAME)";
				SUPPORTED_PLATFORMS = "iphoneos iphonesimulator";
				SUPPORTS_MACCATALYST = NO;
				SUPPORTS_MAC_DESIGNED_FOR_IPHONE_IPAD = NO;
				SWIFT_EMIT_LOC_STRINGS = YES;
				SWIFT_VERSION = 5.0;
				TARGETED_DEVICE_FAMILY = 1;
			};
			name = Debug;
		};
		7B65C1E829AD2A5400C267F1 /* Release */ = {
			isa = XCBuildConfiguration;
			buildSettings = {
				ASSETCATALOG_COMPILER_APPICON_NAME = AppIcon;
				ASSETCATALOG_COMPILER_GLOBAL_ACCENT_COLOR_NAME = AccentColor;
				CODE_SIGN_STYLE = Automatic;
				CURRENT_PROJECT_VERSION = 1;
				DEVELOPMENT_TEAM = UYXPW2Z6TM;
				GENERATE_INFOPLIST_FILE = YES;
				INFOPLIST_FILE = EssentialApp/Info.plist;
				INFOPLIST_KEY_UIApplicationSupportsIndirectInputEvents = YES;
				INFOPLIST_KEY_UILaunchStoryboardName = LaunchScreen;
				INFOPLIST_KEY_UIMainStoryboardFile = Main;
				INFOPLIST_KEY_UISupportedInterfaceOrientations = UIInterfaceOrientationPortrait;
				INFOPLIST_KEY_UISupportedInterfaceOrientations_iPad = "UIInterfaceOrientationLandscapeLeft UIInterfaceOrientationLandscapeRight UIInterfaceOrientationPortrait UIInterfaceOrientationPortraitUpsideDown";
				LD_RUNPATH_SEARCH_PATHS = (
					"$(inherited)",
					"@executable_path/Frameworks",
				);
				MARKETING_VERSION = 1.0;
				PRODUCT_BUNDLE_IDENTIFIER = com.example.it.EssentialApp;
				PRODUCT_NAME = "$(TARGET_NAME)";
				SUPPORTED_PLATFORMS = "iphoneos iphonesimulator";
				SUPPORTS_MACCATALYST = NO;
				SUPPORTS_MAC_DESIGNED_FOR_IPHONE_IPAD = NO;
				SWIFT_EMIT_LOC_STRINGS = YES;
				SWIFT_VERSION = 5.0;
				TARGETED_DEVICE_FAMILY = 1;
			};
			name = Release;
		};
		7B65C1EA29AD2A5400C267F1 /* Debug */ = {
			isa = XCBuildConfiguration;
			buildSettings = {
				ALWAYS_EMBED_SWIFT_STANDARD_LIBRARIES = YES;
				BUNDLE_LOADER = "$(TEST_HOST)";
				CLANG_ENABLE_MODULES = YES;
				CODE_SIGN_STYLE = Automatic;
				CURRENT_PROJECT_VERSION = 1;
				DEVELOPMENT_TEAM = UYXPW2Z6TM;
				GENERATE_INFOPLIST_FILE = YES;
				IPHONEOS_DEPLOYMENT_TARGET = 16.2;
				LD_RUNPATH_SEARCH_PATHS = (
					"$(inherited)",
					"@executable_path/Frameworks",
					"@loader_path/Frameworks",
				);
				MARKETING_VERSION = 1.0;
				PRODUCT_BUNDLE_IDENTIFIER = com.example.it.EssentialAppTests;
				PRODUCT_NAME = "$(TARGET_NAME)";
				SWIFT_EMIT_LOC_STRINGS = NO;
				SWIFT_OPTIMIZATION_LEVEL = "-Onone";
				SWIFT_VERSION = 5.0;
				TARGETED_DEVICE_FAMILY = "1,2";
				TEST_HOST = "$(BUILT_PRODUCTS_DIR)/EssentialApp.app/$(BUNDLE_EXECUTABLE_FOLDER_PATH)/EssentialApp";
			};
			name = Debug;
		};
		7B65C1EB29AD2A5400C267F1 /* Release */ = {
			isa = XCBuildConfiguration;
			buildSettings = {
				ALWAYS_EMBED_SWIFT_STANDARD_LIBRARIES = YES;
				BUNDLE_LOADER = "$(TEST_HOST)";
				CLANG_ENABLE_MODULES = YES;
				CODE_SIGN_STYLE = Automatic;
				CURRENT_PROJECT_VERSION = 1;
				DEVELOPMENT_TEAM = UYXPW2Z6TM;
				GENERATE_INFOPLIST_FILE = YES;
				IPHONEOS_DEPLOYMENT_TARGET = 16.2;
				LD_RUNPATH_SEARCH_PATHS = (
					"$(inherited)",
					"@executable_path/Frameworks",
					"@loader_path/Frameworks",
				);
				MARKETING_VERSION = 1.0;
				PRODUCT_BUNDLE_IDENTIFIER = com.example.it.EssentialAppTests;
				PRODUCT_NAME = "$(TARGET_NAME)";
				SWIFT_EMIT_LOC_STRINGS = NO;
				SWIFT_VERSION = 5.0;
				TARGETED_DEVICE_FAMILY = "1,2";
				TEST_HOST = "$(BUILT_PRODUCTS_DIR)/EssentialApp.app/$(BUNDLE_EXECUTABLE_FOLDER_PATH)/EssentialApp";
			};
			name = Release;
		};
/* End XCBuildConfiguration section */

/* Begin XCConfigurationList section */
		7B65C1B729AD2A5300C267F1 /* Build configuration list for PBXProject "EssentialApp" */ = {
			isa = XCConfigurationList;
			buildConfigurations = (
				7B65C1E429AD2A5400C267F1 /* Debug */,
				7B65C1E529AD2A5400C267F1 /* Release */,
			);
			defaultConfigurationIsVisible = 0;
			defaultConfigurationName = Release;
		};
		7B65C1E629AD2A5400C267F1 /* Build configuration list for PBXNativeTarget "EssentialApp" */ = {
			isa = XCConfigurationList;
			buildConfigurations = (
				7B65C1E729AD2A5400C267F1 /* Debug */,
				7B65C1E829AD2A5400C267F1 /* Release */,
			);
			defaultConfigurationIsVisible = 0;
			defaultConfigurationName = Release;
		};
		7B65C1E929AD2A5400C267F1 /* Build configuration list for PBXNativeTarget "EssentialAppTests" */ = {
			isa = XCConfigurationList;
			buildConfigurations = (
				7B65C1EA29AD2A5400C267F1 /* Debug */,
				7B65C1EB29AD2A5400C267F1 /* Release */,
			);
			defaultConfigurationIsVisible = 0;
			defaultConfigurationName = Release;
		};
/* End XCConfigurationList section */
	};
	rootObject = 7B65C1B429AD2A5300C267F1 /* Project object */;
}
